// !$*UTF8*$!
{
	archiveVersion = 1;
	classes = {
	};
	objectVersion = 56;
	objects = {

/* Begin PBXBuildFile section */
		3B59F8A62AEA946900F312C0 /* CacheAsyncImage.swift in Sources */ = {isa = PBXBuildFile; fileRef = 3B59F8A52AEA946900F312C0 /* CacheAsyncImage.swift */; };
		3B72EDE52AE97906000AB2BA /* Movie+Stubs.swift in Sources */ = {isa = PBXBuildFile; fileRef = 3B72EDE42AE97906000AB2BA /* Movie+Stubs.swift */; };
		3B8782882AE4261C0098C228 /* TMDB_App.swift in Sources */ = {isa = PBXBuildFile; fileRef = 3B8782872AE4261C0098C228 /* TMDB_App.swift */; };
		3B87828A2AE4261C0098C228 /* ContentView.swift in Sources */ = {isa = PBXBuildFile; fileRef = 3B8782892AE4261C0098C228 /* ContentView.swift */; };
		3B87828C2AE4261D0098C228 /* Assets.xcassets in Resources */ = {isa = PBXBuildFile; fileRef = 3B87828B2AE4261D0098C228 /* Assets.xcassets */; };
		3B87828F2AE4261D0098C228 /* Preview Assets.xcassets in Resources */ = {isa = PBXBuildFile; fileRef = 3B87828E2AE4261D0098C228 /* Preview Assets.xcassets */; };
		3B87829D2AE427230098C228 /* Endpoint.swift in Sources */ = {isa = PBXBuildFile; fileRef = 3B8782982AE427230098C228 /* Endpoint.swift */; };
		3B87829E2AE427230098C228 /* NetworkingError.swift in Sources */ = {isa = PBXBuildFile; fileRef = 3B8782992AE427230098C228 /* NetworkingError.swift */; };
		3B87829F2AE427230098C228 /* NetworkingService.swift in Sources */ = {isa = PBXBuildFile; fileRef = 3B87829A2AE427230098C228 /* NetworkingService.swift */; };
		3B8782A02AE427230098C228 /* ResourceLoader.swift in Sources */ = {isa = PBXBuildFile; fileRef = 3B87829B2AE427230098C228 /* ResourceLoader.swift */; };
		3B8782A12AE427230098C228 /* HTTPMethodHelper.swift in Sources */ = {isa = PBXBuildFile; fileRef = 3B87829C2AE427230098C228 /* HTTPMethodHelper.swift */; };
		3B8782A32AE427E70098C228 /* Constants.swift in Sources */ = {isa = PBXBuildFile; fileRef = 3B8782A22AE427E70098C228 /* Constants.swift */; };
		3B8782AC2AE42A780098C228 /* NowPlaying.json in Resources */ = {isa = PBXBuildFile; fileRef = 3B8782AB2AE42A780098C228 /* NowPlaying.json */; };
		3B8782AF2AE42BEC0098C228 /* MovieResponse.swift in Sources */ = {isa = PBXBuildFile; fileRef = 3B8782AE2AE42BEC0098C228 /* MovieResponse.swift */; };
		3B8782B32AE42F510098C228 /* ViewModel.swift in Sources */ = {isa = PBXBuildFile; fileRef = 3B8782B22AE42F510098C228 /* ViewModel.swift */; };
/* End PBXBuildFile section */

/* Begin PBXFileReference section */
		3B59F8A52AEA946900F312C0 /* CacheAsyncImage.swift */ = {isa = PBXFileReference; lastKnownFileType = sourcecode.swift; path = CacheAsyncImage.swift; sourceTree = "<group>"; };
		3B72EDE42AE97906000AB2BA /* Movie+Stubs.swift */ = {isa = PBXFileReference; fileEncoding = 4; lastKnownFileType = sourcecode.swift; path = "Movie+Stubs.swift"; sourceTree = "<group>"; };
		3B8782842AE4261C0098C228 /* TMDB App.app */ = {isa = PBXFileReference; explicitFileType = wrapper.application; includeInIndex = 0; path = "TMDB App.app"; sourceTree = BUILT_PRODUCTS_DIR; };
		3B8782872AE4261C0098C228 /* TMDB_App.swift */ = {isa = PBXFileReference; lastKnownFileType = sourcecode.swift; path = TMDB_App.swift; sourceTree = "<group>"; };
		3B8782892AE4261C0098C228 /* ContentView.swift */ = {isa = PBXFileReference; lastKnownFileType = sourcecode.swift; path = ContentView.swift; sourceTree = "<group>"; };
		3B87828B2AE4261D0098C228 /* Assets.xcassets */ = {isa = PBXFileReference; lastKnownFileType = folder.assetcatalog; path = Assets.xcassets; sourceTree = "<group>"; };
		3B87828E2AE4261D0098C228 /* Preview Assets.xcassets */ = {isa = PBXFileReference; lastKnownFileType = folder.assetcatalog; path = "Preview Assets.xcassets"; sourceTree = "<group>"; };
		3B8782982AE427230098C228 /* Endpoint.swift */ = {isa = PBXFileReference; fileEncoding = 4; lastKnownFileType = sourcecode.swift; path = Endpoint.swift; sourceTree = "<group>"; };
		3B8782992AE427230098C228 /* NetworkingError.swift */ = {isa = PBXFileReference; fileEncoding = 4; lastKnownFileType = sourcecode.swift; path = NetworkingError.swift; sourceTree = "<group>"; };
		3B87829A2AE427230098C228 /* NetworkingService.swift */ = {isa = PBXFileReference; fileEncoding = 4; lastKnownFileType = sourcecode.swift; path = NetworkingService.swift; sourceTree = "<group>"; };
		3B87829B2AE427230098C228 /* ResourceLoader.swift */ = {isa = PBXFileReference; fileEncoding = 4; lastKnownFileType = sourcecode.swift; path = ResourceLoader.swift; sourceTree = "<group>"; };
		3B87829C2AE427230098C228 /* HTTPMethodHelper.swift */ = {isa = PBXFileReference; fileEncoding = 4; lastKnownFileType = sourcecode.swift; path = HTTPMethodHelper.swift; sourceTree = "<group>"; };
		3B8782A22AE427E70098C228 /* Constants.swift */ = {isa = PBXFileReference; fileEncoding = 4; lastKnownFileType = sourcecode.swift; path = Constants.swift; sourceTree = "<group>"; };
		3B8782AB2AE42A780098C228 /* NowPlaying.json */ = {isa = PBXFileReference; lastKnownFileType = text.json; path = NowPlaying.json; sourceTree = "<group>"; };
		3B8782AE2AE42BEC0098C228 /* MovieResponse.swift */ = {isa = PBXFileReference; lastKnownFileType = sourcecode.swift; path = MovieResponse.swift; sourceTree = "<group>"; };
		3B8782B22AE42F510098C228 /* ViewModel.swift */ = {isa = PBXFileReference; fileEncoding = 4; lastKnownFileType = sourcecode.swift; path = ViewModel.swift; sourceTree = "<group>"; };
/* End PBXFileReference section */

/* Begin PBXFrameworksBuildPhase section */
		3B8782812AE4261C0098C228 /* Frameworks */ = {
			isa = PBXFrameworksBuildPhase;
			buildActionMask = 2147483647;
			files = (
			);
			runOnlyForDeploymentPostprocessing = 0;
		};
/* End PBXFrameworksBuildPhase section */

/* Begin PBXGroup section */
		3B72EDE82AE9AAB7000AB2BA /* Utilities */ = {
			isa = PBXGroup;
			children = (
				3B59F8A52AEA946900F312C0 /* CacheAsyncImage.swift */,
			);
			path = Utilities;
			sourceTree = "<group>";
		};
		3B87827B2AE4261C0098C228 = {
			isa = PBXGroup;
			children = (
				3B8782A82AE4291D0098C228 /* TMDB App */,
				3B8782852AE4261C0098C228 /* Products */,
			);
			sourceTree = "<group>";
		};
		3B8782852AE4261C0098C228 /* Products */ = {
			isa = PBXGroup;
			children = (
				3B8782842AE4261C0098C228 /* TMDB App.app */,
			);
			name = Products;
			sourceTree = "<group>";
		};
		3B87828D2AE4261D0098C228 /* Preview Content */ = {
			isa = PBXGroup;
			children = (
				3B8782AA2AE42A490098C228 /* JSON Files */,
				3B87828E2AE4261D0098C228 /* Preview Assets.xcassets */,
				3B87828B2AE4261D0098C228 /* Assets.xcassets */,
			);
			path = "Preview Content";
			sourceTree = "<group>";
		};
		3B8782952AE4264D0098C228 /* HTTP Client */ = {
			isa = PBXGroup;
			children = (
				3B87829C2AE427230098C228 /* HTTPMethodHelper.swift */,
				3B8782992AE427230098C228 /* NetworkingError.swift */,
				3B87829A2AE427230098C228 /* NetworkingService.swift */,
				3B87829B2AE427230098C228 /* ResourceLoader.swift */,
				3B8782982AE427230098C228 /* Endpoint.swift */,
				3B8782A22AE427E70098C228 /* Constants.swift */,
			);
			path = "HTTP Client";
			sourceTree = "<group>";
		};
		3B8782A52AE428530098C228 /* Screens */ = {
			isa = PBXGroup;
			children = (
				3B8782892AE4261C0098C228 /* ContentView.swift */,
			);
			path = Screens;
			sourceTree = "<group>";
		};
		3B8782A62AE428590098C228 /* Views */ = {
			isa = PBXGroup;
			children = (
			);
			path = Views;
			sourceTree = "<group>";
		};
		3B8782A82AE4291D0098C228 /* TMDB App */ = {
			isa = PBXGroup;
			children = (
				3B8782B02AE42E140098C228 /* App */,
				3B8782872AE4261C0098C228 /* TMDB_App.swift */,
				3B8782952AE4264D0098C228 /* HTTP Client */,
				3B72EDE82AE9AAB7000AB2BA /* Utilities */,
				3B8782B12AE42F330098C228 /* Agregate Model */,
				3B8782A52AE428530098C228 /* Screens */,
				3B8782A62AE428590098C228 /* Views */,
				3B8782AD2AE42BCE0098C228 /* Models */,
				3B87828D2AE4261D0098C228 /* Preview Content */,
			);
			path = "TMDB App";
			sourceTree = "<group>";
		};
		3B8782AA2AE42A490098C228 /* JSON Files */ = {
			isa = PBXGroup;
			children = (
				3B8782AB2AE42A780098C228 /* NowPlaying.json */,
			);
			path = "JSON Files";
			sourceTree = "<group>";
		};
		3B8782AD2AE42BCE0098C228 /* Models */ = {
			isa = PBXGroup;
			children = (
				3B8782AE2AE42BEC0098C228 /* MovieResponse.swift */,
				3B72EDE42AE97906000AB2BA /* Movie+Stubs.swift */,
			);
			path = Models;
			sourceTree = "<group>";
		};
		3B8782B02AE42E140098C228 /* App */ = {
			isa = PBXGroup;
			children = (
			);
			path = App;
			sourceTree = "<group>";
		};
		3B8782B12AE42F330098C228 /* Agregate Model */ = {
			isa = PBXGroup;
			children = (
				3B8782B22AE42F510098C228 /* ViewModel.swift */,
			);
			path = "Agregate Model";
			sourceTree = "<group>";
		};
/* End PBXGroup section */

/* Begin PBXNativeTarget section */
		3B8782832AE4261C0098C228 /* TMDB App */ = {
			isa = PBXNativeTarget;
			buildConfigurationList = 3B8782922AE4261D0098C228 /* Build configuration list for PBXNativeTarget "TMDB App" */;
			buildPhases = (
				3B8782802AE4261C0098C228 /* Sources */,
				3B8782812AE4261C0098C228 /* Frameworks */,
				3B8782822AE4261C0098C228 /* Resources */,
			);
			buildRules = (
			);
			dependencies = (
			);
			name = "TMDB App";
			productName = "TMDB App";
			productReference = 3B8782842AE4261C0098C228 /* TMDB App.app */;
			productType = "com.apple.product-type.application";
		};
/* End PBXNativeTarget section */

/* Begin PBXProject section */
		3B87827C2AE4261C0098C228 /* Project object */ = {
			isa = PBXProject;
			attributes = {
				BuildIndependentTargetsInParallel = 1;
				LastSwiftUpdateCheck = 1500;
				LastUpgradeCheck = 1500;
				TargetAttributes = {
					3B8782832AE4261C0098C228 = {
						CreatedOnToolsVersion = 15.0.1;
					};
				};
			};
			buildConfigurationList = 3B87827F2AE4261C0098C228 /* Build configuration list for PBXProject "TMDB App" */;
			compatibilityVersion = "Xcode 14.0";
			developmentRegion = en;
			hasScannedForEncodings = 0;
			knownRegions = (
				en,
				Base,
			);
			mainGroup = 3B87827B2AE4261C0098C228;
			productRefGroup = 3B8782852AE4261C0098C228 /* Products */;
			projectDirPath = "";
			projectRoot = "";
			targets = (
				3B8782832AE4261C0098C228 /* TMDB App */,
			);
		};
/* End PBXProject section */

/* Begin PBXResourcesBuildPhase section */
		3B8782822AE4261C0098C228 /* Resources */ = {
			isa = PBXResourcesBuildPhase;
			buildActionMask = 2147483647;
			files = (
				3B8782AC2AE42A780098C228 /* NowPlaying.json in Resources */,
				3B87828F2AE4261D0098C228 /* Preview Assets.xcassets in Resources */,
				3B87828C2AE4261D0098C228 /* Assets.xcassets in Resources */,
			);
			runOnlyForDeploymentPostprocessing = 0;
		};
/* End PBXResourcesBuildPhase section */

/* Begin PBXSourcesBuildPhase section */
		3B8782802AE4261C0098C228 /* Sources */ = {
			isa = PBXSourcesBuildPhase;
			buildActionMask = 2147483647;
			files = (
				3B8782B32AE42F510098C228 /* ViewModel.swift in Sources */,
				3B87828A2AE4261C0098C228 /* ContentView.swift in Sources */,
				3B8782A12AE427230098C228 /* HTTPMethodHelper.swift in Sources */,
				3B87829D2AE427230098C228 /* Endpoint.swift in Sources */,
				3B72EDE52AE97906000AB2BA /* Movie+Stubs.swift in Sources */,
				3B87829F2AE427230098C228 /* NetworkingService.swift in Sources */,
				3B8782882AE4261C0098C228 /* TMDB_App.swift in Sources */,
				3B87829E2AE427230098C228 /* NetworkingError.swift in Sources */,
				3B8782AF2AE42BEC0098C228 /* MovieResponse.swift in Sources */,
				3B8782A02AE427230098C228 /* ResourceLoader.swift in Sources */,
				3B59F8A62AEA946900F312C0 /* CacheAsyncImage.swift in Sources */,
				3B8782A32AE427E70098C228 /* Constants.swift in Sources */,
			);
			runOnlyForDeploymentPostprocessing = 0;
		};
/* End PBXSourcesBuildPhase section */

/* Begin XCBuildConfiguration section */
		3B8782902AE4261D0098C228 /* Debug */ = {
			isa = XCBuildConfiguration;
			buildSettings = {
				ALWAYS_SEARCH_USER_PATHS = NO;
				ASSETCATALOG_COMPILER_GENERATE_SWIFT_ASSET_SYMBOL_EXTENSIONS = YES;
				CLANG_ANALYZER_NONNULL = YES;
				CLANG_ANALYZER_NUMBER_OBJECT_CONVERSION = YES_AGGRESSIVE;
				CLANG_CXX_LANGUAGE_STANDARD = "gnu++20";
				CLANG_ENABLE_MODULES = YES;
				CLANG_ENABLE_OBJC_ARC = YES;
				CLANG_ENABLE_OBJC_WEAK = YES;
				CLANG_WARN_BLOCK_CAPTURE_AUTORELEASING = YES;
				CLANG_WARN_BOOL_CONVERSION = YES;
				CLANG_WARN_COMMA = YES;
				CLANG_WARN_CONSTANT_CONVERSION = YES;
				CLANG_WARN_DEPRECATED_OBJC_IMPLEMENTATIONS = YES;
				CLANG_WARN_DIRECT_OBJC_ISA_USAGE = YES_ERROR;
				CLANG_WARN_DOCUMENTATION_COMMENTS = YES;
				CLANG_WARN_EMPTY_BODY = YES;
				CLANG_WARN_ENUM_CONVERSION = YES;
				CLANG_WARN_INFINITE_RECURSION = YES;
				CLANG_WARN_INT_CONVERSION = YES;
				CLANG_WARN_NON_LITERAL_NULL_CONVERSION = YES;
				CLANG_WARN_OBJC_IMPLICIT_RETAIN_SELF = YES;
				CLANG_WARN_OBJC_LITERAL_CONVERSION = YES;
				CLANG_WARN_OBJC_ROOT_CLASS = YES_ERROR;
				CLANG_WARN_QUOTED_INCLUDE_IN_FRAMEWORK_HEADER = YES;
				CLANG_WARN_RANGE_LOOP_ANALYSIS = YES;
				CLANG_WARN_STRICT_PROTOTYPES = YES;
				CLANG_WARN_SUSPICIOUS_MOVE = YES;
				CLANG_WARN_UNGUARDED_AVAILABILITY = YES_AGGRESSIVE;
				CLANG_WARN_UNREACHABLE_CODE = YES;
				CLANG_WARN__DUPLICATE_METHOD_MATCH = YES;
				COPY_PHASE_STRIP = NO;
				DEBUG_INFORMATION_FORMAT = dwarf;
				ENABLE_STRICT_OBJC_MSGSEND = YES;
				ENABLE_TESTABILITY = YES;
				ENABLE_USER_SCRIPT_SANDBOXING = YES;
				GCC_C_LANGUAGE_STANDARD = gnu17;
				GCC_DYNAMIC_NO_PIC = NO;
				GCC_NO_COMMON_BLOCKS = YES;
				GCC_OPTIMIZATION_LEVEL = 0;
				GCC_PREPROCESSOR_DEFINITIONS = (
					"DEBUG=1",
					"$(inherited)",
				);
				GCC_WARN_64_TO_32_BIT_CONVERSION = YES;
				GCC_WARN_ABOUT_RETURN_TYPE = YES_ERROR;
				GCC_WARN_UNDECLARED_SELECTOR = YES;
				GCC_WARN_UNINITIALIZED_AUTOS = YES_AGGRESSIVE;
				GCC_WARN_UNUSED_FUNCTION = YES;
				GCC_WARN_UNUSED_VARIABLE = YES;
				IPHONEOS_DEPLOYMENT_TARGET = 17.0;
				LOCALIZATION_PREFERS_STRING_CATALOGS = YES;
				MTL_ENABLE_DEBUG_INFO = INCLUDE_SOURCE;
				MTL_FAST_MATH = YES;
				ONLY_ACTIVE_ARCH = YES;
				SDKROOT = iphoneos;
				SWIFT_ACTIVE_COMPILATION_CONDITIONS = "DEBUG $(inherited)";
				SWIFT_OPTIMIZATION_LEVEL = "-Onone";
			};
			name = Debug;
		};
		3B8782912AE4261D0098C228 /* Release */ = {
			isa = XCBuildConfiguration;
			buildSettings = {
				ALWAYS_SEARCH_USER_PATHS = NO;
				ASSETCATALOG_COMPILER_GENERATE_SWIFT_ASSET_SYMBOL_EXTENSIONS = YES;
				CLANG_ANALYZER_NONNULL = YES;
				CLANG_ANALYZER_NUMBER_OBJECT_CONVERSION = YES_AGGRESSIVE;
				CLANG_CXX_LANGUAGE_STANDARD = "gnu++20";
				CLANG_ENABLE_MODULES = YES;
				CLANG_ENABLE_OBJC_ARC = YES;
				CLANG_ENABLE_OBJC_WEAK = YES;
				CLANG_WARN_BLOCK_CAPTURE_AUTORELEASING = YES;
				CLANG_WARN_BOOL_CONVERSION = YES;
				CLANG_WARN_COMMA = YES;
				CLANG_WARN_CONSTANT_CONVERSION = YES;
				CLANG_WARN_DEPRECATED_OBJC_IMPLEMENTATIONS = YES;
				CLANG_WARN_DIRECT_OBJC_ISA_USAGE = YES_ERROR;
				CLANG_WARN_DOCUMENTATION_COMMENTS = YES;
				CLANG_WARN_EMPTY_BODY = YES;
				CLANG_WARN_ENUM_CONVERSION = YES;
				CLANG_WARN_INFINITE_RECURSION = YES;
				CLANG_WARN_INT_CONVERSION = YES;
				CLANG_WARN_NON_LITERAL_NULL_CONVERSION = YES;
				CLANG_WARN_OBJC_IMPLICIT_RETAIN_SELF = YES;
				CLANG_WARN_OBJC_LITERAL_CONVERSION = YES;
				CLANG_WARN_OBJC_ROOT_CLASS = YES_ERROR;
				CLANG_WARN_QUOTED_INCLUDE_IN_FRAMEWORK_HEADER = YES;
				CLANG_WARN_RANGE_LOOP_ANALYSIS = YES;
				CLANG_WARN_STRICT_PROTOTYPES = YES;
				CLANG_WARN_SUSPICIOUS_MOVE = YES;
				CLANG_WARN_UNGUARDED_AVAILABILITY = YES_AGGRESSIVE;
				CLANG_WARN_UNREACHABLE_CODE = YES;
				CLANG_WARN__DUPLICATE_METHOD_MATCH = YES;
				COPY_PHASE_STRIP = NO;
				DEBUG_INFORMATION_FORMAT = "dwarf-with-dsym";
				ENABLE_NS_ASSERTIONS = NO;
				ENABLE_STRICT_OBJC_MSGSEND = YES;
				ENABLE_USER_SCRIPT_SANDBOXING = YES;
				GCC_C_LANGUAGE_STANDARD = gnu17;
				GCC_NO_COMMON_BLOCKS = YES;
				GCC_WARN_64_TO_32_BIT_CONVERSION = YES;
				GCC_WARN_ABOUT_RETURN_TYPE = YES_ERROR;
				GCC_WARN_UNDECLARED_SELECTOR = YES;
				GCC_WARN_UNINITIALIZED_AUTOS = YES_AGGRESSIVE;
				GCC_WARN_UNUSED_FUNCTION = YES;
				GCC_WARN_UNUSED_VARIABLE = YES;
				IPHONEOS_DEPLOYMENT_TARGET = 17.0;
				LOCALIZATION_PREFERS_STRING_CATALOGS = YES;
				MTL_ENABLE_DEBUG_INFO = NO;
				MTL_FAST_MATH = YES;
				SDKROOT = iphoneos;
				SWIFT_COMPILATION_MODE = wholemodule;
				VALIDATE_PRODUCT = YES;
			};
			name = Release;
		};
		3B8782932AE4261D0098C228 /* Debug */ = {
			isa = XCBuildConfiguration;
			buildSettings = {
				ASSETCATALOG_COMPILER_APPICON_NAME = AppIcon;
				ASSETCATALOG_COMPILER_GLOBAL_ACCENT_COLOR_NAME = AccentColor;
				CODE_SIGN_STYLE = Automatic;
				CURRENT_PROJECT_VERSION = 1;
				DEVELOPMENT_ASSET_PATHS = "\"TMDB App/Preview Content\"";
				DEVELOPMENT_TEAM = FQWAP959Y3;
				ENABLE_PREVIEWS = YES;
				GENERATE_INFOPLIST_FILE = YES;
				INFOPLIST_KEY_UIApplicationSceneManifest_Generation = YES;
				INFOPLIST_KEY_UIApplicationSupportsIndirectInputEvents = YES;
				INFOPLIST_KEY_UILaunchScreen_Generation = YES;
				INFOPLIST_KEY_UISupportedInterfaceOrientations_iPad = "UIInterfaceOrientationPortrait UIInterfaceOrientationPortraitUpsideDown UIInterfaceOrientationLandscapeLeft UIInterfaceOrientationLandscapeRight";
				INFOPLIST_KEY_UISupportedInterfaceOrientations_iPhone = "UIInterfaceOrientationPortrait UIInterfaceOrientationLandscapeLeft UIInterfaceOrientationLandscapeRight";
				IPHONEOS_DEPLOYMENT_TARGET = 16.6;
				LD_RUNPATH_SEARCH_PATHS = (
					"$(inherited)",
					"@executable_path/Frameworks",
				);
				MARKETING_VERSION = 1.0;
				PRODUCT_BUNDLE_IDENTIFIER = "com.onflyer.TMDB-App";
				PRODUCT_NAME = "$(TARGET_NAME)";
				SWIFT_EMIT_LOC_STRINGS = YES;
				SWIFT_VERSION = 5.0;
				TARGETED_DEVICE_FAMILY = "1,2";
			};
			name = Debug;
		};
		3B8782942AE4261D0098C228 /* Release */ = {
			isa = XCBuildConfiguration;
			buildSettings = {
				ASSETCATALOG_COMPILER_APPICON_NAME = AppIcon;
				ASSETCATALOG_COMPILER_GLOBAL_ACCENT_COLOR_NAME = AccentColor;
				CODE_SIGN_STYLE = Automatic;
				CURRENT_PROJECT_VERSION = 1;
				DEVELOPMENT_ASSET_PATHS = "\"TMDB App/Preview Content\"";
				DEVELOPMENT_TEAM = FQWAP959Y3;
				ENABLE_PREVIEWS = YES;
				GENERATE_INFOPLIST_FILE = YES;
				INFOPLIST_KEY_UIApplicationSceneManifest_Generation = YES;
				INFOPLIST_KEY_UIApplicationSupportsIndirectInputEvents = YES;
				INFOPLIST_KEY_UILaunchScreen_Generation = YES;
				INFOPLIST_KEY_UISupportedInterfaceOrientations_iPad = "UIInterfaceOrientationPortrait UIInterfaceOrientationPortraitUpsideDown UIInterfaceOrientationLandscapeLeft UIInterfaceOrientationLandscapeRight";
				INFOPLIST_KEY_UISupportedInterfaceOrientations_iPhone = "UIInterfaceOrientationPortrait UIInterfaceOrientationLandscapeLeft UIInterfaceOrientationLandscapeRight";
				IPHONEOS_DEPLOYMENT_TARGET = 16.6;
				LD_RUNPATH_SEARCH_PATHS = (
					"$(inherited)",
					"@executable_path/Frameworks",
				);
				MARKETING_VERSION = 1.0;
				PRODUCT_BUNDLE_IDENTIFIER = "com.onflyer.TMDB-App";
				PRODUCT_NAME = "$(TARGET_NAME)";
				SWIFT_EMIT_LOC_STRINGS = YES;
				SWIFT_VERSION = 5.0;
				TARGETED_DEVICE_FAMILY = "1,2";
			};
			name = Release;
		};
/* End XCBuildConfiguration section */

/* Begin XCConfigurationList section */
		3B87827F2AE4261C0098C228 /* Build configuration list for PBXProject "TMDB App" */ = {
			isa = XCConfigurationList;
			buildConfigurations = (
				3B8782902AE4261D0098C228 /* Debug */,
				3B8782912AE4261D0098C228 /* Release */,
			);
			defaultConfigurationIsVisible = 0;
			defaultConfigurationName = Release;
		};
		3B8782922AE4261D0098C228 /* Build configuration list for PBXNativeTarget "TMDB App" */ = {
			isa = XCConfigurationList;
			buildConfigurations = (
				3B8782932AE4261D0098C228 /* Debug */,
				3B8782942AE4261D0098C228 /* Release */,
			);
			defaultConfigurationIsVisible = 0;
			defaultConfigurationName = Release;
		};
/* End XCConfigurationList section */
	};
	rootObject = 3B87827C2AE4261C0098C228 /* Project object */;
}
