// !$*UTF8*$!
{
	archiveVersion = 1;
	classes = {
	};
	objectVersion = 56;
	objects = {

/* Begin PBXBuildFile section */
		3B0E39CF2BAF7C8A00193FF7 /* FavoritesOfflineDataSource.swift in Sources */ = {isa = PBXBuildFile; fileRef = 3B0E39CE2BAF7C8A00193FF7 /* FavoritesOfflineDataSource.swift */; };
		3B0E39D12BAF7F1100193FF7 /* CoreDataDTO+DomainMappers.swift in Sources */ = {isa = PBXBuildFile; fileRef = 3B0E39D02BAF7F1100193FF7 /* CoreDataDTO+DomainMappers.swift */; };
		3B0E39D32BAF849500193FF7 /* CoreDataMapper.swift in Sources */ = {isa = PBXBuildFile; fileRef = 3B0E39D22BAF849500193FF7 /* CoreDataMapper.swift */; };
		3B0E39D52BAF8B5700193FF7 /* DefaultFavoriteMoviesOfflineRepository.swift in Sources */ = {isa = PBXBuildFile; fileRef = 3B0E39D42BAF8B5700193FF7 /* DefaultFavoriteMoviesOfflineRepository.swift */; };
		3B0E39D72BAF8BBA00193FF7 /* FavoritesOfflineRepository.swift in Sources */ = {isa = PBXBuildFile; fileRef = 3B0E39D62BAF8BBA00193FF7 /* FavoritesOfflineRepository.swift */; };
		3B0E39DA2BAF8E3D00193FF7 /* GetFavoritesOfflineUseCase.swift in Sources */ = {isa = PBXBuildFile; fileRef = 3B0E39D92BAF8E3D00193FF7 /* GetFavoritesOfflineUseCase.swift */; };
		3B0E39DC2BAF8F7900193FF7 /* AddFavoriteOfflineUseCase.swift in Sources */ = {isa = PBXBuildFile; fileRef = 3B0E39DB2BAF8F7900193FF7 /* AddFavoriteOfflineUseCase.swift */; };
		3B0E39DE2BAF902F00193FF7 /* CheckFavoriteOfflineUseCase.swift in Sources */ = {isa = PBXBuildFile; fileRef = 3B0E39DD2BAF902F00193FF7 /* CheckFavoriteOfflineUseCase.swift */; };
		3B0E39E02BAF943400193FF7 /* RemoveFavoriteOfflineUseCase.swift in Sources */ = {isa = PBXBuildFile; fileRef = 3B0E39DF2BAF943400193FF7 /* RemoveFavoriteOfflineUseCase.swift */; };
		3B0F6DD22BCC01EE0037A1FB /* GetMovieByIdUseCaseTests.swift in Sources */ = {isa = PBXBuildFile; fileRef = 3B0F6DD12BCC01EE0037A1FB /* GetMovieByIdUseCaseTests.swift */; };
		3B1C2E332BB17B3100A0DAF6 /* CoreDataDTO+Extension.swift in Sources */ = {isa = PBXBuildFile; fileRef = 3B1C2E322BB17B3100A0DAF6 /* CoreDataDTO+Extension.swift */; };
		3B26B84E2B1D218D00334385 /* CustomAlert.swift in Sources */ = {isa = PBXBuildFile; fileRef = 3B26B84D2B1D218D00334385 /* CustomAlert.swift */; };
		3B2C2A7E2BC86505009869EE /* GetNowPlayingMoviesTests.swift in Sources */ = {isa = PBXBuildFile; fileRef = 3B2C2A7D2BC86505009869EE /* GetNowPlayingMoviesTests.swift */; };
		3B2C2A882BC865BF009869EE /* MovieListMockRepository.swift in Sources */ = {isa = PBXBuildFile; fileRef = 3B2C2A872BC865BE009869EE /* MovieListMockRepository.swift */; };
		3B4171A82B2327970093F7CE /* ShimmerEffectBox.swift in Sources */ = {isa = PBXBuildFile; fileRef = 3B4171A72B2327970093F7CE /* ShimmerEffectBox.swift */; };
		3B4171AA2B232A8D0093F7CE /* CarouselPosterProgressView.swift in Sources */ = {isa = PBXBuildFile; fileRef = 3B4171A92B232A8D0093F7CE /* CarouselPosterProgressView.swift */; };
		3B4171AC2B2334230093F7CE /* CarouselBackdropProgressView.swift in Sources */ = {isa = PBXBuildFile; fileRef = 3B4171AB2B2334230093F7CE /* CarouselBackdropProgressView.swift */; };
		3B5452C32B2DBCC300FA6F55 /* ImageRetriever.swift in Sources */ = {isa = PBXBuildFile; fileRef = 3B5452C22B2DBCC300FA6F55 /* ImageRetriever.swift */; };
		3B7109FD2B2DBF4B00A9395E /* ImageCache.swift in Sources */ = {isa = PBXBuildFile; fileRef = 3B7109FC2B2DBF4B00A9395E /* ImageCache.swift */; };
		3B7109FF2B2DC25F00A9395E /* CachedImageManager.swift in Sources */ = {isa = PBXBuildFile; fileRef = 3B7109FE2B2DC25F00A9395E /* CachedImageManager.swift */; };
		3B710A012B2DC36E00A9395E /* CachedImage.swift in Sources */ = {isa = PBXBuildFile; fileRef = 3B710A002B2DC36E00A9395E /* CachedImage.swift */; };
		3B8782882AE4261C0098C228 /* TMDB_App.swift in Sources */ = {isa = PBXBuildFile; fileRef = 3B8782872AE4261C0098C228 /* TMDB_App.swift */; };
		3B87828C2AE4261D0098C228 /* Assets.xcassets in Resources */ = {isa = PBXBuildFile; fileRef = 3B87828B2AE4261D0098C228 /* Assets.xcassets */; };
		3B87828F2AE4261D0098C228 /* Preview Assets.xcassets in Resources */ = {isa = PBXBuildFile; fileRef = 3B87828E2AE4261D0098C228 /* Preview Assets.xcassets */; };
		3B87829E2AE427230098C228 /* NetworkingError.swift in Sources */ = {isa = PBXBuildFile; fileRef = 3B8782992AE427230098C228 /* NetworkingError.swift */; };
		3BDBC9E92B2353420056F7BE /* EmptyPlaceholderView.swift in Sources */ = {isa = PBXBuildFile; fileRef = 3BDBC9E82B2353410056F7BE /* EmptyPlaceholderView.swift */; };
		3BDD15B02BAC4A1300F60554 /* SearchViewModel.swift in Sources */ = {isa = PBXBuildFile; fileRef = 3BDD15AF2BAC4A1300F60554 /* SearchViewModel.swift */; };
		3BDD15B22BAC4D1100F60554 /* SearchView.swift in Sources */ = {isa = PBXBuildFile; fileRef = 3BDD15B12BAC4D1100F60554 /* SearchView.swift */; };
		3BDD15B72BAC563D00F60554 /* FavoritesViewModel.swift in Sources */ = {isa = PBXBuildFile; fileRef = 3BDD15B62BAC563D00F60554 /* FavoritesViewModel.swift */; };
		3BDD15B92BAC589B00F60554 /* FavoritesView.swift in Sources */ = {isa = PBXBuildFile; fileRef = 3BDD15B82BAC589B00F60554 /* FavoritesView.swift */; };
		3BDD15BE2BAC5CCD00F60554 /* DetailViewModel.swift in Sources */ = {isa = PBXBuildFile; fileRef = 3BDD15BD2BAC5CCD00F60554 /* DetailViewModel.swift */; };
		3BDD15C02BAC6C6C00F60554 /* DetailView.swift in Sources */ = {isa = PBXBuildFile; fileRef = 3BDD15BF2BAC6C6C00F60554 /* DetailView.swift */; };
		3BDD15C32BAC6FF100F60554 /* TabViewRouter.swift in Sources */ = {isa = PBXBuildFile; fileRef = 3BDD15C22BAC6FF100F60554 /* TabViewRouter.swift */; };
		3BDD15C52BAC70BA00F60554 /* AppTabView1.swift in Sources */ = {isa = PBXBuildFile; fileRef = 3BDD15C42BAC70BA00F60554 /* AppTabView1.swift */; };
		3BDD15C72BAC722D00F60554 /* ContainerView.swift in Sources */ = {isa = PBXBuildFile; fileRef = 3BDD15C62BAC722D00F60554 /* ContainerView.swift */; };
		3BDD15CA2BAC7BD700F60554 /* ThumbnailPosterView.swift in Sources */ = {isa = PBXBuildFile; fileRef = 3BDD15C92BAC7BD700F60554 /* ThumbnailPosterView.swift */; };
		3BDD15CC2BAC85DB00F60554 /* ThumbnailBackdropView.swift in Sources */ = {isa = PBXBuildFile; fileRef = 3BDD15CB2BAC85DB00F60554 /* ThumbnailBackdropView.swift */; };
		3BDD15D02BACAD3E00F60554 /* DetailImageView.swift in Sources */ = {isa = PBXBuildFile; fileRef = 3BDD15CF2BACAD3E00F60554 /* DetailImageView.swift */; };
		3BDD15D22BACD2C900F60554 /* SearchRowView.swift in Sources */ = {isa = PBXBuildFile; fileRef = 3BDD15D12BACD2C900F60554 /* SearchRowView.swift */; };
		3BDD15D42BAF173300F60554 /* DescrtiptionSection.swift in Sources */ = {isa = PBXBuildFile; fileRef = 3BDD15D32BAF173300F60554 /* DescrtiptionSection.swift */; };
		3BDD15D62BAF1C0600F60554 /* TrailersSection.swift in Sources */ = {isa = PBXBuildFile; fileRef = 3BDD15D52BAF1C0600F60554 /* TrailersSection.swift */; };
		3BDD15D82BAF1D9600F60554 /* CastSection.swift in Sources */ = {isa = PBXBuildFile; fileRef = 3BDD15D72BAF1D9600F60554 /* CastSection.swift */; };
		3BDD15E02BAF719A00F60554 /* TMDBAppDataModel.xcdatamodeld in Sources */ = {isa = PBXBuildFile; fileRef = 3BDD15DE2BAF719A00F60554 /* TMDBAppDataModel.xcdatamodeld */; };
		3BDD15E22BAF75B300F60554 /* CoreDataStack.swift in Sources */ = {isa = PBXBuildFile; fileRef = 3BDD15E12BAF75B300F60554 /* CoreDataStack.swift */; };
		3BDFC0792BB396C30090E3EB /* FavoritesOfflineView.swift in Sources */ = {isa = PBXBuildFile; fileRef = 3BDFC0782BB396C30090E3EB /* FavoritesOfflineView.swift */; };
		3BF09F662B9F805C00F59F3E /* AppError.swift in Sources */ = {isa = PBXBuildFile; fileRef = 3BF09F652B9F805C00F59F3E /* AppError.swift */; };
		3BF09F692B9F839200F59F3E /* MovieListEntity.swift in Sources */ = {isa = PBXBuildFile; fileRef = 3BF09F682B9F839200F59F3E /* MovieListEntity.swift */; };
		3BF09F6B2B9F89F600F59F3E /* MovieEntity.swift in Sources */ = {isa = PBXBuildFile; fileRef = 3BF09F6A2B9F89F600F59F3E /* MovieEntity.swift */; };
		3BF09F6D2B9F8DF900F59F3E /* SingleMovieEntity.swift in Sources */ = {isa = PBXBuildFile; fileRef = 3BF09F6C2B9F8DF900F59F3E /* SingleMovieEntity.swift */; };
		3BF09F702BA0D30500F59F3E /* MovieListRepository.swift in Sources */ = {isa = PBXBuildFile; fileRef = 3BF09F6F2BA0D30500F59F3E /* MovieListRepository.swift */; };
		3BF09F722BA0D52800F59F3E /* SearchMovieRepository.swift in Sources */ = {isa = PBXBuildFile; fileRef = 3BF09F712BA0D52800F59F3E /* SearchMovieRepository.swift */; };
		3BF09F752BA0DBF300F59F3E /* FavoritesRepository.swift in Sources */ = {isa = PBXBuildFile; fileRef = 3BF09F742BA0DBF300F59F3E /* FavoritesRepository.swift */; };
		3BF09F782BA0DF4600F59F3E /* GetNowPlayingMoviesUseCase.swift in Sources */ = {isa = PBXBuildFile; fileRef = 3BF09F772BA0DF4600F59F3E /* GetNowPlayingMoviesUseCase.swift */; };
		3BF09F7A2BA0E51D00F59F3E /* SearchMovieUseCase.swift in Sources */ = {isa = PBXBuildFile; fileRef = 3BF09F792BA0E51D00F59F3E /* SearchMovieUseCase.swift */; };
		3BF09F7C2BA0E80F00F59F3E /* GetFavoritesUseCase.swift in Sources */ = {isa = PBXBuildFile; fileRef = 3BF09F7B2BA0E80E00F59F3E /* GetFavoritesUseCase.swift */; };
		3BF09F812BA0F39B00F59F3E /* APIConstants.swift in Sources */ = {isa = PBXBuildFile; fileRef = 3BF09F802BA0F39B00F59F3E /* APIConstants.swift */; };
		3BF09F832BA0F3D400F59F3E /* RequestProtocol.swift in Sources */ = {isa = PBXBuildFile; fileRef = 3BF09F822BA0F3D400F59F3E /* RequestProtocol.swift */; };
		3BF09F852BA0F41600F59F3E /* RequestType.swift in Sources */ = {isa = PBXBuildFile; fileRef = 3BF09F842BA0F41600F59F3E /* RequestType.swift */; };
		3BF09F8C2BA1D85400F59F3E /* DataParser.swift in Sources */ = {isa = PBXBuildFile; fileRef = 3BF09F8B2BA1D85400F59F3E /* DataParser.swift */; };
		3BF09F8E2BA1DAB100F59F3E /* DataEncoder.swift in Sources */ = {isa = PBXBuildFile; fileRef = 3BF09F8D2BA1DAB100F59F3E /* DataEncoder.swift */; };
		3BF09F902BA1DE2600F59F3E /* NetworkManager.swift in Sources */ = {isa = PBXBuildFile; fileRef = 3BF09F8F2BA1DE2600F59F3E /* NetworkManager.swift */; };
		3BF09F922BA1DE4100F59F3E /* RequestManager.swift in Sources */ = {isa = PBXBuildFile; fileRef = 3BF09F912BA1DE4100F59F3E /* RequestManager.swift */; };
		3BF09F952BA2F89600F59F3E /* MovieListDTO.swift in Sources */ = {isa = PBXBuildFile; fileRef = 3BF09F942BA2F89600F59F3E /* MovieListDTO.swift */; };
		3BF09F972BA2FC0F00F59F3E /* MovieDTO.swift in Sources */ = {isa = PBXBuildFile; fileRef = 3BF09F962BA2FC0F00F59F3E /* MovieDTO.swift */; };
		3BF09F992BA2FF1500F59F3E /* SingleMovieDTO.swift in Sources */ = {isa = PBXBuildFile; fileRef = 3BF09F982BA2FF1500F59F3E /* SingleMovieDTO.swift */; };
		3BF09F9D2BA36A3B00F59F3E /* MovieDataSource.swift in Sources */ = {isa = PBXBuildFile; fileRef = 3BF09F9C2BA36A3B00F59F3E /* MovieDataSource.swift */; };
		3BF09FA02BA36D7900F59F3E /* MoviesRequest.swift in Sources */ = {isa = PBXBuildFile; fileRef = 3BF09F9F2BA36D7900F59F3E /* MoviesRequest.swift */; };
		3BF09FA52BA38EB900F59F3E /* DomainMapper.swift in Sources */ = {isa = PBXBuildFile; fileRef = 3BF09FA42BA38EB900F59F3E /* DomainMapper.swift */; };
		3BF09FA72BA449A000F59F3E /* MovieDTO+DomainMapper.swift in Sources */ = {isa = PBXBuildFile; fileRef = 3BF09FA62BA449A000F59F3E /* MovieDTO+DomainMapper.swift */; };
		3BF09FA92BA46A7C00F59F3E /* SingleMovieDTO+DomainMapper.swift in Sources */ = {isa = PBXBuildFile; fileRef = 3BF09FA82BA46A7C00F59F3E /* SingleMovieDTO+DomainMapper.swift */; };
		3BF09FAC2BA5C67300F59F3E /* DefaultMoviesRepository.swift in Sources */ = {isa = PBXBuildFile; fileRef = 3BF09FAB2BA5C67300F59F3E /* DefaultMoviesRepository.swift */; };
		3BF09FAE2BA5C99300F59F3E /* MovieListDTO+DomainMapper.swift in Sources */ = {isa = PBXBuildFile; fileRef = 3BF09FAD2BA5C99300F59F3E /* MovieListDTO+DomainMapper.swift */; };
		3BF09FB02BA6F88100F59F3E /* GetUpcomingMoviesUseCase.swift in Sources */ = {isa = PBXBuildFile; fileRef = 3BF09FAF2BA6F88100F59F3E /* GetUpcomingMoviesUseCase.swift */; };
		3BF09FB22BA6F8EE00F59F3E /* GetTopRatedMoviesUseCase.swift in Sources */ = {isa = PBXBuildFile; fileRef = 3BF09FB12BA6F8EE00F59F3E /* GetTopRatedMoviesUseCase.swift */; };
		3BF09FB42BA6F97500F59F3E /* GetPopularMoviesUseCase.swift in Sources */ = {isa = PBXBuildFile; fileRef = 3BF09FB32BA6F97500F59F3E /* GetPopularMoviesUseCase.swift */; };
		3BF09FB62BA6FC4800F59F3E /* SearchMoviesDataSource.swift in Sources */ = {isa = PBXBuildFile; fileRef = 3BF09FB52BA6FC4800F59F3E /* SearchMoviesDataSource.swift */; };
		3BF09FB82BA6FDCF00F59F3E /* SearchMoviesRequest.swift in Sources */ = {isa = PBXBuildFile; fileRef = 3BF09FB72BA6FDCF00F59F3E /* SearchMoviesRequest.swift */; };
		3BF09FBA2BA7035E00F59F3E /* DefaultSearchMoviesRepository.swift in Sources */ = {isa = PBXBuildFile; fileRef = 3BF09FB92BA7035E00F59F3E /* DefaultSearchMoviesRepository.swift */; };
		3BF09FBC2BA71FB700F59F3E /* FavoriteMoviesDataSource.swift in Sources */ = {isa = PBXBuildFile; fileRef = 3BF09FBB2BA71FB700F59F3E /* FavoriteMoviesDataSource.swift */; };
		3BF09FBE2BA7203D00F59F3E /* FavoriteMoviesRequest.swift in Sources */ = {isa = PBXBuildFile; fileRef = 3BF09FBD2BA7203D00F59F3E /* FavoriteMoviesRequest.swift */; };
		3BF09FC02BA7223100F59F3E /* DefaultFavoriteMoviesRepository.swift in Sources */ = {isa = PBXBuildFile; fileRef = 3BF09FBF2BA7223100F59F3E /* DefaultFavoriteMoviesRepository.swift */; };
		3BF09FC22BA72C2700F59F3E /* GetMovieByIdUseCase.swift in Sources */ = {isa = PBXBuildFile; fileRef = 3BF09FC12BA72C2700F59F3E /* GetMovieByIdUseCase.swift */; };
		3BF09FC42BA7676E00F59F3E /* PostMovieToFavoritesRequestDTO.swift in Sources */ = {isa = PBXBuildFile; fileRef = 3BF09FC32BA7676E00F59F3E /* PostMovieToFavoritesRequestDTO.swift */; };
		3BF09FC62BA7682E00F59F3E /* PostMovieToFavoritesResponseDTO.swift in Sources */ = {isa = PBXBuildFile; fileRef = 3BF09FC52BA7682E00F59F3E /* PostMovieToFavoritesResponseDTO.swift */; };
		3BF09FC82BA76A9900F59F3E /* PostMovieToFavoritesEntity.swift in Sources */ = {isa = PBXBuildFile; fileRef = 3BF09FC72BA76A9900F59F3E /* PostMovieToFavoritesEntity.swift */; };
		3BF09FCA2BA76B1F00F59F3E /* PostMovieToFavoritesResponseEntity.swift in Sources */ = {isa = PBXBuildFile; fileRef = 3BF09FC92BA76B1F00F59F3E /* PostMovieToFavoritesResponseEntity.swift */; };
		3BF09FCC2BA76C0500F59F3E /* DTOMapper.swift in Sources */ = {isa = PBXBuildFile; fileRef = 3BF09FCB2BA76C0500F59F3E /* DTOMapper.swift */; };
		3BF09FCE2BA76C4900F59F3E /* PostMovieToFavorites+DTOMapper.swift in Sources */ = {isa = PBXBuildFile; fileRef = 3BF09FCD2BA76C4900F59F3E /* PostMovieToFavorites+DTOMapper.swift */; };
		3BF09FD22BA7741000F59F3E /* PostMovieToFavoritesUseCase.swift in Sources */ = {isa = PBXBuildFile; fileRef = 3BF09FD12BA7741000F59F3E /* PostMovieToFavoritesUseCase.swift */; };
		3BF09FD42BA85EFB00F59F3E /* DeleteMovieFromFavoritesUseCase.swift in Sources */ = {isa = PBXBuildFile; fileRef = 3BF09FD32BA85EFB00F59F3E /* DeleteMovieFromFavoritesUseCase.swift */; };
		3BF09FDB2BA86FD000F59F3E /* BaseStateView.swift in Sources */ = {isa = PBXBuildFile; fileRef = 3BF09FDA2BA86FD000F59F3E /* BaseStateView.swift */; };
		3BF09FDD2BA8701800F59F3E /* ViewModel.swift in Sources */ = {isa = PBXBuildFile; fileRef = 3BF09FDC2BA8701800F59F3E /* ViewModel.swift */; };
		3BF09FDF2BA870B900F59F3E /* CustomListView.swift in Sources */ = {isa = PBXBuildFile; fileRef = 3BF09FDE2BA870B900F59F3E /* CustomListView.swift */; };
		3BF236D62BAB0701004E1D0E /* Swinject in Frameworks */ = {isa = PBXBuildFile; productRef = 3BF236D52BAB0701004E1D0E /* Swinject */; };
		3BF236D82BAB0701004E1D0E /* Swinject-Dynamic in Frameworks */ = {isa = PBXBuildFile; productRef = 3BF236D72BAB0701004E1D0E /* Swinject-Dynamic */; };
		3BF236DB2BAB081E004E1D0E /* Resolver.swift in Sources */ = {isa = PBXBuildFile; fileRef = 3BF236DA2BAB081E004E1D0E /* Resolver.swift */; };
		3BF236DF2BAB1128004E1D0E /* HomeViewModel.swift in Sources */ = {isa = PBXBuildFile; fileRef = 3BF236DE2BAB1128004E1D0E /* HomeViewModel.swift */; };
		3BF236E52BAB1743004E1D0E /* HomeView.swift in Sources */ = {isa = PBXBuildFile; fileRef = 3BF236E42BAB1743004E1D0E /* HomeView.swift */; };
/* End PBXBuildFile section */

/* Begin PBXContainerItemProxy section */
		3B2C2A7F2BC86505009869EE /* PBXContainerItemProxy */ = {
			isa = PBXContainerItemProxy;
			containerPortal = 3B87827C2AE4261C0098C228 /* Project object */;
			proxyType = 1;
			remoteGlobalIDString = 3B8782832AE4261C0098C228;
			remoteInfo = "TMDB App";
		};
/* End PBXContainerItemProxy section */

/* Begin PBXFileReference section */
		3B0E39CE2BAF7C8A00193FF7 /* FavoritesOfflineDataSource.swift */ = {isa = PBXFileReference; lastKnownFileType = sourcecode.swift; path = FavoritesOfflineDataSource.swift; sourceTree = "<group>"; };
		3B0E39D02BAF7F1100193FF7 /* CoreDataDTO+DomainMappers.swift */ = {isa = PBXFileReference; lastKnownFileType = sourcecode.swift; path = "CoreDataDTO+DomainMappers.swift"; sourceTree = "<group>"; };
		3B0E39D22BAF849500193FF7 /* CoreDataMapper.swift */ = {isa = PBXFileReference; lastKnownFileType = sourcecode.swift; path = CoreDataMapper.swift; sourceTree = "<group>"; };
		3B0E39D42BAF8B5700193FF7 /* DefaultFavoriteMoviesOfflineRepository.swift */ = {isa = PBXFileReference; lastKnownFileType = sourcecode.swift; path = DefaultFavoriteMoviesOfflineRepository.swift; sourceTree = "<group>"; };
		3B0E39D62BAF8BBA00193FF7 /* FavoritesOfflineRepository.swift */ = {isa = PBXFileReference; lastKnownFileType = sourcecode.swift; path = FavoritesOfflineRepository.swift; sourceTree = "<group>"; };
		3B0E39D92BAF8E3D00193FF7 /* GetFavoritesOfflineUseCase.swift */ = {isa = PBXFileReference; lastKnownFileType = sourcecode.swift; path = GetFavoritesOfflineUseCase.swift; sourceTree = "<group>"; };
		3B0E39DB2BAF8F7900193FF7 /* AddFavoriteOfflineUseCase.swift */ = {isa = PBXFileReference; lastKnownFileType = sourcecode.swift; path = AddFavoriteOfflineUseCase.swift; sourceTree = "<group>"; };
		3B0E39DD2BAF902F00193FF7 /* CheckFavoriteOfflineUseCase.swift */ = {isa = PBXFileReference; lastKnownFileType = sourcecode.swift; path = CheckFavoriteOfflineUseCase.swift; sourceTree = "<group>"; };
		3B0E39DF2BAF943400193FF7 /* RemoveFavoriteOfflineUseCase.swift */ = {isa = PBXFileReference; lastKnownFileType = sourcecode.swift; path = RemoveFavoriteOfflineUseCase.swift; sourceTree = "<group>"; };
		3B0F6DD12BCC01EE0037A1FB /* GetMovieByIdUseCaseTests.swift */ = {isa = PBXFileReference; lastKnownFileType = sourcecode.swift; path = GetMovieByIdUseCaseTests.swift; sourceTree = "<group>"; };
		3B1C2E322BB17B3100A0DAF6 /* CoreDataDTO+Extension.swift */ = {isa = PBXFileReference; lastKnownFileType = sourcecode.swift; path = "CoreDataDTO+Extension.swift"; sourceTree = "<group>"; };
		3B26B84D2B1D218D00334385 /* CustomAlert.swift */ = {isa = PBXFileReference; lastKnownFileType = sourcecode.swift; path = CustomAlert.swift; sourceTree = "<group>"; };
		3B2C2A7B2BC86505009869EE /* TMDB AppTests.xctest */ = {isa = PBXFileReference; explicitFileType = wrapper.cfbundle; includeInIndex = 0; path = "TMDB AppTests.xctest"; sourceTree = BUILT_PRODUCTS_DIR; };
		3B2C2A7D2BC86505009869EE /* GetNowPlayingMoviesTests.swift */ = {isa = PBXFileReference; lastKnownFileType = sourcecode.swift; path = GetNowPlayingMoviesTests.swift; sourceTree = "<group>"; };
		3B2C2A872BC865BE009869EE /* MovieListMockRepository.swift */ = {isa = PBXFileReference; lastKnownFileType = sourcecode.swift; path = MovieListMockRepository.swift; sourceTree = "<group>"; };
		3B4171A72B2327970093F7CE /* ShimmerEffectBox.swift */ = {isa = PBXFileReference; fileEncoding = 4; lastKnownFileType = sourcecode.swift; path = ShimmerEffectBox.swift; sourceTree = "<group>"; };
		3B4171A92B232A8D0093F7CE /* CarouselPosterProgressView.swift */ = {isa = PBXFileReference; lastKnownFileType = sourcecode.swift; path = CarouselPosterProgressView.swift; sourceTree = "<group>"; };
		3B4171AB2B2334230093F7CE /* CarouselBackdropProgressView.swift */ = {isa = PBXFileReference; lastKnownFileType = sourcecode.swift; path = CarouselBackdropProgressView.swift; sourceTree = "<group>"; };
		3B5452C22B2DBCC300FA6F55 /* ImageRetriever.swift */ = {isa = PBXFileReference; lastKnownFileType = sourcecode.swift; path = ImageRetriever.swift; sourceTree = "<group>"; };
		3B7109FC2B2DBF4B00A9395E /* ImageCache.swift */ = {isa = PBXFileReference; lastKnownFileType = sourcecode.swift; path = ImageCache.swift; sourceTree = "<group>"; };
		3B7109FE2B2DC25F00A9395E /* CachedImageManager.swift */ = {isa = PBXFileReference; lastKnownFileType = sourcecode.swift; path = CachedImageManager.swift; sourceTree = "<group>"; };
		3B710A002B2DC36E00A9395E /* CachedImage.swift */ = {isa = PBXFileReference; lastKnownFileType = sourcecode.swift; path = CachedImage.swift; sourceTree = "<group>"; };
		3B8782842AE4261C0098C228 /* TMDB App.app */ = {isa = PBXFileReference; explicitFileType = wrapper.application; includeInIndex = 0; path = "TMDB App.app"; sourceTree = BUILT_PRODUCTS_DIR; };
		3B8782872AE4261C0098C228 /* TMDB_App.swift */ = {isa = PBXFileReference; lastKnownFileType = sourcecode.swift; path = TMDB_App.swift; sourceTree = "<group>"; };
		3B87828B2AE4261D0098C228 /* Assets.xcassets */ = {isa = PBXFileReference; lastKnownFileType = folder.assetcatalog; path = Assets.xcassets; sourceTree = "<group>"; };
		3B87828E2AE4261D0098C228 /* Preview Assets.xcassets */ = {isa = PBXFileReference; lastKnownFileType = folder.assetcatalog; path = "Preview Assets.xcassets"; sourceTree = "<group>"; };
		3B8782992AE427230098C228 /* NetworkingError.swift */ = {isa = PBXFileReference; fileEncoding = 4; lastKnownFileType = sourcecode.swift; path = NetworkingError.swift; sourceTree = "<group>"; };
		3BDBC9E82B2353410056F7BE /* EmptyPlaceholderView.swift */ = {isa = PBXFileReference; lastKnownFileType = sourcecode.swift; path = EmptyPlaceholderView.swift; sourceTree = "<group>"; };
		3BDD15AF2BAC4A1300F60554 /* SearchViewModel.swift */ = {isa = PBXFileReference; lastKnownFileType = sourcecode.swift; path = SearchViewModel.swift; sourceTree = "<group>"; };
		3BDD15B12BAC4D1100F60554 /* SearchView.swift */ = {isa = PBXFileReference; lastKnownFileType = sourcecode.swift; path = SearchView.swift; sourceTree = "<group>"; };
		3BDD15B62BAC563D00F60554 /* FavoritesViewModel.swift */ = {isa = PBXFileReference; lastKnownFileType = sourcecode.swift; path = FavoritesViewModel.swift; sourceTree = "<group>"; };
		3BDD15B82BAC589B00F60554 /* FavoritesView.swift */ = {isa = PBXFileReference; lastKnownFileType = sourcecode.swift; path = FavoritesView.swift; sourceTree = "<group>"; };
		3BDD15BD2BAC5CCD00F60554 /* DetailViewModel.swift */ = {isa = PBXFileReference; lastKnownFileType = sourcecode.swift; path = DetailViewModel.swift; sourceTree = "<group>"; };
		3BDD15BF2BAC6C6C00F60554 /* DetailView.swift */ = {isa = PBXFileReference; lastKnownFileType = sourcecode.swift; path = DetailView.swift; sourceTree = "<group>"; };
		3BDD15C22BAC6FF100F60554 /* TabViewRouter.swift */ = {isa = PBXFileReference; lastKnownFileType = sourcecode.swift; path = TabViewRouter.swift; sourceTree = "<group>"; };
		3BDD15C42BAC70BA00F60554 /* AppTabView1.swift */ = {isa = PBXFileReference; lastKnownFileType = sourcecode.swift; path = AppTabView1.swift; sourceTree = "<group>"; };
		3BDD15C62BAC722D00F60554 /* ContainerView.swift */ = {isa = PBXFileReference; lastKnownFileType = sourcecode.swift; path = ContainerView.swift; sourceTree = "<group>"; };
		3BDD15C92BAC7BD700F60554 /* ThumbnailPosterView.swift */ = {isa = PBXFileReference; lastKnownFileType = sourcecode.swift; path = ThumbnailPosterView.swift; sourceTree = "<group>"; };
		3BDD15CB2BAC85DB00F60554 /* ThumbnailBackdropView.swift */ = {isa = PBXFileReference; lastKnownFileType = sourcecode.swift; path = ThumbnailBackdropView.swift; sourceTree = "<group>"; };
		3BDD15CF2BACAD3E00F60554 /* DetailImageView.swift */ = {isa = PBXFileReference; lastKnownFileType = sourcecode.swift; path = DetailImageView.swift; sourceTree = "<group>"; };
		3BDD15D12BACD2C900F60554 /* SearchRowView.swift */ = {isa = PBXFileReference; lastKnownFileType = sourcecode.swift; path = SearchRowView.swift; sourceTree = "<group>"; };
		3BDD15D32BAF173300F60554 /* DescrtiptionSection.swift */ = {isa = PBXFileReference; lastKnownFileType = sourcecode.swift; path = DescrtiptionSection.swift; sourceTree = "<group>"; };
		3BDD15D52BAF1C0600F60554 /* TrailersSection.swift */ = {isa = PBXFileReference; lastKnownFileType = sourcecode.swift; path = TrailersSection.swift; sourceTree = "<group>"; };
		3BDD15D72BAF1D9600F60554 /* CastSection.swift */ = {isa = PBXFileReference; lastKnownFileType = sourcecode.swift; path = CastSection.swift; sourceTree = "<group>"; };
		3BDD15DF2BAF719A00F60554 /* TMDBAppDataModel.xcdatamodel */ = {isa = PBXFileReference; lastKnownFileType = wrapper.xcdatamodel; path = TMDBAppDataModel.xcdatamodel; sourceTree = "<group>"; };
		3BDD15E12BAF75B300F60554 /* CoreDataStack.swift */ = {isa = PBXFileReference; lastKnownFileType = sourcecode.swift; path = CoreDataStack.swift; sourceTree = "<group>"; };
		3BDFC0782BB396C30090E3EB /* FavoritesOfflineView.swift */ = {isa = PBXFileReference; lastKnownFileType = sourcecode.swift; path = FavoritesOfflineView.swift; sourceTree = "<group>"; };
		3BF09F652B9F805C00F59F3E /* AppError.swift */ = {isa = PBXFileReference; lastKnownFileType = sourcecode.swift; path = AppError.swift; sourceTree = "<group>"; };
		3BF09F682B9F839200F59F3E /* MovieListEntity.swift */ = {isa = PBXFileReference; lastKnownFileType = sourcecode.swift; path = MovieListEntity.swift; sourceTree = "<group>"; };
		3BF09F6A2B9F89F600F59F3E /* MovieEntity.swift */ = {isa = PBXFileReference; lastKnownFileType = sourcecode.swift; path = MovieEntity.swift; sourceTree = "<group>"; };
		3BF09F6C2B9F8DF900F59F3E /* SingleMovieEntity.swift */ = {isa = PBXFileReference; lastKnownFileType = sourcecode.swift; path = SingleMovieEntity.swift; sourceTree = "<group>"; };
		3BF09F6F2BA0D30500F59F3E /* MovieListRepository.swift */ = {isa = PBXFileReference; lastKnownFileType = sourcecode.swift; path = MovieListRepository.swift; sourceTree = "<group>"; };
		3BF09F712BA0D52800F59F3E /* SearchMovieRepository.swift */ = {isa = PBXFileReference; lastKnownFileType = sourcecode.swift; path = SearchMovieRepository.swift; sourceTree = "<group>"; };
		3BF09F742BA0DBF300F59F3E /* FavoritesRepository.swift */ = {isa = PBXFileReference; lastKnownFileType = sourcecode.swift; path = FavoritesRepository.swift; sourceTree = "<group>"; };
		3BF09F772BA0DF4600F59F3E /* GetNowPlayingMoviesUseCase.swift */ = {isa = PBXFileReference; lastKnownFileType = sourcecode.swift; path = GetNowPlayingMoviesUseCase.swift; sourceTree = "<group>"; };
		3BF09F792BA0E51D00F59F3E /* SearchMovieUseCase.swift */ = {isa = PBXFileReference; lastKnownFileType = sourcecode.swift; path = SearchMovieUseCase.swift; sourceTree = "<group>"; };
		3BF09F7B2BA0E80E00F59F3E /* GetFavoritesUseCase.swift */ = {isa = PBXFileReference; lastKnownFileType = sourcecode.swift; path = GetFavoritesUseCase.swift; sourceTree = "<group>"; };
		3BF09F802BA0F39B00F59F3E /* APIConstants.swift */ = {isa = PBXFileReference; lastKnownFileType = sourcecode.swift; path = APIConstants.swift; sourceTree = "<group>"; };
		3BF09F822BA0F3D400F59F3E /* RequestProtocol.swift */ = {isa = PBXFileReference; lastKnownFileType = sourcecode.swift; path = RequestProtocol.swift; sourceTree = "<group>"; };
		3BF09F842BA0F41600F59F3E /* RequestType.swift */ = {isa = PBXFileReference; lastKnownFileType = sourcecode.swift; path = RequestType.swift; sourceTree = "<group>"; };
		3BF09F8B2BA1D85400F59F3E /* DataParser.swift */ = {isa = PBXFileReference; lastKnownFileType = sourcecode.swift; path = DataParser.swift; sourceTree = "<group>"; };
		3BF09F8D2BA1DAB100F59F3E /* DataEncoder.swift */ = {isa = PBXFileReference; lastKnownFileType = sourcecode.swift; path = DataEncoder.swift; sourceTree = "<group>"; };
		3BF09F8F2BA1DE2600F59F3E /* NetworkManager.swift */ = {isa = PBXFileReference; lastKnownFileType = sourcecode.swift; path = NetworkManager.swift; sourceTree = "<group>"; };
		3BF09F912BA1DE4100F59F3E /* RequestManager.swift */ = {isa = PBXFileReference; lastKnownFileType = sourcecode.swift; path = RequestManager.swift; sourceTree = "<group>"; };
		3BF09F942BA2F89600F59F3E /* MovieListDTO.swift */ = {isa = PBXFileReference; lastKnownFileType = sourcecode.swift; path = MovieListDTO.swift; sourceTree = "<group>"; };
		3BF09F962BA2FC0F00F59F3E /* MovieDTO.swift */ = {isa = PBXFileReference; lastKnownFileType = sourcecode.swift; path = MovieDTO.swift; sourceTree = "<group>"; };
		3BF09F982BA2FF1500F59F3E /* SingleMovieDTO.swift */ = {isa = PBXFileReference; lastKnownFileType = sourcecode.swift; path = SingleMovieDTO.swift; sourceTree = "<group>"; };
		3BF09F9C2BA36A3B00F59F3E /* MovieDataSource.swift */ = {isa = PBXFileReference; lastKnownFileType = sourcecode.swift; path = MovieDataSource.swift; sourceTree = "<group>"; };
		3BF09F9F2BA36D7900F59F3E /* MoviesRequest.swift */ = {isa = PBXFileReference; lastKnownFileType = sourcecode.swift; path = MoviesRequest.swift; sourceTree = "<group>"; };
		3BF09FA42BA38EB900F59F3E /* DomainMapper.swift */ = {isa = PBXFileReference; lastKnownFileType = sourcecode.swift; path = DomainMapper.swift; sourceTree = "<group>"; };
		3BF09FA62BA449A000F59F3E /* MovieDTO+DomainMapper.swift */ = {isa = PBXFileReference; lastKnownFileType = sourcecode.swift; path = "MovieDTO+DomainMapper.swift"; sourceTree = "<group>"; };
		3BF09FA82BA46A7C00F59F3E /* SingleMovieDTO+DomainMapper.swift */ = {isa = PBXFileReference; lastKnownFileType = sourcecode.swift; path = "SingleMovieDTO+DomainMapper.swift"; sourceTree = "<group>"; };
		3BF09FAB2BA5C67300F59F3E /* DefaultMoviesRepository.swift */ = {isa = PBXFileReference; lastKnownFileType = sourcecode.swift; path = DefaultMoviesRepository.swift; sourceTree = "<group>"; };
		3BF09FAD2BA5C99300F59F3E /* MovieListDTO+DomainMapper.swift */ = {isa = PBXFileReference; lastKnownFileType = sourcecode.swift; path = "MovieListDTO+DomainMapper.swift"; sourceTree = "<group>"; };
		3BF09FAF2BA6F88100F59F3E /* GetUpcomingMoviesUseCase.swift */ = {isa = PBXFileReference; lastKnownFileType = sourcecode.swift; path = GetUpcomingMoviesUseCase.swift; sourceTree = "<group>"; };
		3BF09FB12BA6F8EE00F59F3E /* GetTopRatedMoviesUseCase.swift */ = {isa = PBXFileReference; lastKnownFileType = sourcecode.swift; path = GetTopRatedMoviesUseCase.swift; sourceTree = "<group>"; };
		3BF09FB32BA6F97500F59F3E /* GetPopularMoviesUseCase.swift */ = {isa = PBXFileReference; lastKnownFileType = sourcecode.swift; path = GetPopularMoviesUseCase.swift; sourceTree = "<group>"; };
		3BF09FB52BA6FC4800F59F3E /* SearchMoviesDataSource.swift */ = {isa = PBXFileReference; lastKnownFileType = sourcecode.swift; path = SearchMoviesDataSource.swift; sourceTree = "<group>"; };
		3BF09FB72BA6FDCF00F59F3E /* SearchMoviesRequest.swift */ = {isa = PBXFileReference; lastKnownFileType = sourcecode.swift; path = SearchMoviesRequest.swift; sourceTree = "<group>"; };
		3BF09FB92BA7035E00F59F3E /* DefaultSearchMoviesRepository.swift */ = {isa = PBXFileReference; lastKnownFileType = sourcecode.swift; path = DefaultSearchMoviesRepository.swift; sourceTree = "<group>"; };
		3BF09FBB2BA71FB700F59F3E /* FavoriteMoviesDataSource.swift */ = {isa = PBXFileReference; lastKnownFileType = sourcecode.swift; path = FavoriteMoviesDataSource.swift; sourceTree = "<group>"; };
		3BF09FBD2BA7203D00F59F3E /* FavoriteMoviesRequest.swift */ = {isa = PBXFileReference; lastKnownFileType = sourcecode.swift; path = FavoriteMoviesRequest.swift; sourceTree = "<group>"; };
		3BF09FBF2BA7223100F59F3E /* DefaultFavoriteMoviesRepository.swift */ = {isa = PBXFileReference; lastKnownFileType = sourcecode.swift; path = DefaultFavoriteMoviesRepository.swift; sourceTree = "<group>"; };
		3BF09FC12BA72C2700F59F3E /* GetMovieByIdUseCase.swift */ = {isa = PBXFileReference; lastKnownFileType = sourcecode.swift; path = GetMovieByIdUseCase.swift; sourceTree = "<group>"; };
		3BF09FC32BA7676E00F59F3E /* PostMovieToFavoritesRequestDTO.swift */ = {isa = PBXFileReference; lastKnownFileType = sourcecode.swift; path = PostMovieToFavoritesRequestDTO.swift; sourceTree = "<group>"; };
		3BF09FC52BA7682E00F59F3E /* PostMovieToFavoritesResponseDTO.swift */ = {isa = PBXFileReference; lastKnownFileType = sourcecode.swift; path = PostMovieToFavoritesResponseDTO.swift; sourceTree = "<group>"; };
		3BF09FC72BA76A9900F59F3E /* PostMovieToFavoritesEntity.swift */ = {isa = PBXFileReference; lastKnownFileType = sourcecode.swift; path = PostMovieToFavoritesEntity.swift; sourceTree = "<group>"; };
		3BF09FC92BA76B1F00F59F3E /* PostMovieToFavoritesResponseEntity.swift */ = {isa = PBXFileReference; lastKnownFileType = sourcecode.swift; path = PostMovieToFavoritesResponseEntity.swift; sourceTree = "<group>"; };
		3BF09FCB2BA76C0500F59F3E /* DTOMapper.swift */ = {isa = PBXFileReference; lastKnownFileType = sourcecode.swift; path = DTOMapper.swift; sourceTree = "<group>"; };
		3BF09FCD2BA76C4900F59F3E /* PostMovieToFavorites+DTOMapper.swift */ = {isa = PBXFileReference; lastKnownFileType = sourcecode.swift; path = "PostMovieToFavorites+DTOMapper.swift"; sourceTree = "<group>"; };
		3BF09FD12BA7741000F59F3E /* PostMovieToFavoritesUseCase.swift */ = {isa = PBXFileReference; lastKnownFileType = sourcecode.swift; path = PostMovieToFavoritesUseCase.swift; sourceTree = "<group>"; };
		3BF09FD32BA85EFB00F59F3E /* DeleteMovieFromFavoritesUseCase.swift */ = {isa = PBXFileReference; lastKnownFileType = sourcecode.swift; path = DeleteMovieFromFavoritesUseCase.swift; sourceTree = "<group>"; };
		3BF09FDA2BA86FD000F59F3E /* BaseStateView.swift */ = {isa = PBXFileReference; lastKnownFileType = sourcecode.swift; path = BaseStateView.swift; sourceTree = "<group>"; };
		3BF09FDC2BA8701800F59F3E /* ViewModel.swift */ = {isa = PBXFileReference; lastKnownFileType = sourcecode.swift; path = ViewModel.swift; sourceTree = "<group>"; };
		3BF09FDE2BA870B900F59F3E /* CustomListView.swift */ = {isa = PBXFileReference; lastKnownFileType = sourcecode.swift; path = CustomListView.swift; sourceTree = "<group>"; };
		3BF236DA2BAB081E004E1D0E /* Resolver.swift */ = {isa = PBXFileReference; lastKnownFileType = sourcecode.swift; path = Resolver.swift; sourceTree = "<group>"; };
		3BF236DE2BAB1128004E1D0E /* HomeViewModel.swift */ = {isa = PBXFileReference; lastKnownFileType = sourcecode.swift; path = HomeViewModel.swift; sourceTree = "<group>"; };
		3BF236E42BAB1743004E1D0E /* HomeView.swift */ = {isa = PBXFileReference; lastKnownFileType = sourcecode.swift; path = HomeView.swift; sourceTree = "<group>"; };
/* End PBXFileReference section */

/* Begin PBXFrameworksBuildPhase section */
		3B2C2A782BC86505009869EE /* Frameworks */ = {
			isa = PBXFrameworksBuildPhase;
			buildActionMask = 2147483647;
			files = (
			);
			runOnlyForDeploymentPostprocessing = 0;
		};
		3B8782812AE4261C0098C228 /* Frameworks */ = {
			isa = PBXFrameworksBuildPhase;
			buildActionMask = 2147483647;
			files = (
				3BF236D62BAB0701004E1D0E /* Swinject in Frameworks */,
				3BF236D82BAB0701004E1D0E /* Swinject-Dynamic in Frameworks */,
			);
			runOnlyForDeploymentPostprocessing = 0;
		};
/* End PBXFrameworksBuildPhase section */

/* Begin PBXGroup section */
		3B0E39D82BAF8E0400193FF7 /* Offline Use Cases */ = {
			isa = PBXGroup;
			children = (
				3B0E39D92BAF8E3D00193FF7 /* GetFavoritesOfflineUseCase.swift */,
				3B0E39DB2BAF8F7900193FF7 /* AddFavoriteOfflineUseCase.swift */,
				3B0E39DD2BAF902F00193FF7 /* CheckFavoriteOfflineUseCase.swift */,
				3B0E39DF2BAF943400193FF7 /* RemoveFavoriteOfflineUseCase.swift */,
			);
			path = "Offline Use Cases";
			sourceTree = "<group>";
		};
		3B2C2A7C2BC86505009869EE /* TMDB AppTests */ = {
			isa = PBXGroup;
			children = (
				3B2C2A842BC86570009869EE /* Domain */,
			);
			path = "TMDB AppTests";
			sourceTree = "<group>";
		};
		3B2C2A842BC86570009869EE /* Domain */ = {
			isa = PBXGroup;
			children = (
				3B2C2A862BC86592009869EE /* Repository */,
				3B2C2A852BC86580009869EE /* UseCase */,
			);
			path = Domain;
			sourceTree = "<group>";
		};
		3B2C2A852BC86580009869EE /* UseCase */ = {
			isa = PBXGroup;
			children = (
				3B2C2A7D2BC86505009869EE /* GetNowPlayingMoviesTests.swift */,
				3B0F6DD12BCC01EE0037A1FB /* GetMovieByIdUseCaseTests.swift */,
			);
			path = UseCase;
			sourceTree = "<group>";
		};
		3B2C2A862BC86592009869EE /* Repository */ = {
			isa = PBXGroup;
			children = (
				3B2C2A872BC865BE009869EE /* MovieListMockRepository.swift */,
			);
			path = Repository;
			sourceTree = "<group>";
		};
		3B7109FB2B2DBF3600A9395E /* Cache */ = {
			isa = PBXGroup;
			children = (
				3B7109FE2B2DC25F00A9395E /* CachedImageManager.swift */,
				3B7109FC2B2DBF4B00A9395E /* ImageCache.swift */,
				3B5452C22B2DBCC300FA6F55 /* ImageRetriever.swift */,
				3B710A002B2DC36E00A9395E /* CachedImage.swift */,
			);
			path = Cache;
			sourceTree = "<group>";
		};
		3B84EA952B9F7E7C00EDBB0F /* TMDB Clean Architecture */ = {
			isa = PBXGroup;
			children = (
				3B8782B02AE42E140098C228 /* App */,
				3B84EA972B9F7F4500EDBB0F /* Core */,
				3BF09F7D2BA0EB4200F59F3E /* Data */,
				3B84EA962B9F7F1200EDBB0F /* Domain */,
				3BF236D22BAB01C7004E1D0E /* Presentation */,
				3B87828D2AE4261D0098C228 /* Preview Content */,
			);
			path = "TMDB Clean Architecture";
			sourceTree = "<group>";
		};
		3B84EA962B9F7F1200EDBB0F /* Domain */ = {
			isa = PBXGroup;
			children = (
				3BF09F6E2BA0D2A600F59F3E /* Repository */,
				3BF09F672B9F82A300F59F3E /* Entity */,
				3BF09F762BA0DE3C00F59F3E /* UseCase */,
				3B84EA982B9F7FC200EDBB0F /* Errors */,
			);
			path = Domain;
			sourceTree = "<group>";
		};
		3B84EA972B9F7F4500EDBB0F /* Core */ = {
			isa = PBXGroup;
			children = (
				3BDD15C12BAC6FA700F60554 /* Utilities */,
				3B7109FB2B2DBF3600A9395E /* Cache */,
				3BF236D92BAB0803004E1D0E /* DI Resolver */,
			);
			path = Core;
			sourceTree = "<group>";
		};
		3B84EA982B9F7FC200EDBB0F /* Errors */ = {
			isa = PBXGroup;
			children = (
				3BF09F652B9F805C00F59F3E /* AppError.swift */,
			);
			path = Errors;
			sourceTree = "<group>";
		};
		3B87827B2AE4261C0098C228 = {
			isa = PBXGroup;
			children = (
				3B84EA952B9F7E7C00EDBB0F /* TMDB Clean Architecture */,
				3B2C2A7C2BC86505009869EE /* TMDB AppTests */,
				3B8782852AE4261C0098C228 /* Products */,
			);
			sourceTree = "<group>";
		};
		3B8782852AE4261C0098C228 /* Products */ = {
			isa = PBXGroup;
			children = (
				3B8782842AE4261C0098C228 /* TMDB App.app */,
				3B2C2A7B2BC86505009869EE /* TMDB AppTests.xctest */,
			);
			name = Products;
			sourceTree = "<group>";
		};
		3B87828D2AE4261D0098C228 /* Preview Content */ = {
			isa = PBXGroup;
			children = (
				3B87828E2AE4261D0098C228 /* Preview Assets.xcassets */,
				3B87828B2AE4261D0098C228 /* Assets.xcassets */,
			);
			path = "Preview Content";
			sourceTree = "<group>";
		};
		3B8782B02AE42E140098C228 /* App */ = {
			isa = PBXGroup;
			children = (
				3B8782872AE4261C0098C228 /* TMDB_App.swift */,
			);
			path = App;
			sourceTree = "<group>";
		};
		3BDD15AC2BAC49B700F60554 /* SearchScreen */ = {
			isa = PBXGroup;
			children = (
				3BDD15AE2BAC49EE00F60554 /* Views */,
				3BDD15AD2BAC49E500F60554 /* ViewModels */,
			);
			path = SearchScreen;
			sourceTree = "<group>";
		};
		3BDD15AD2BAC49E500F60554 /* ViewModels */ = {
			isa = PBXGroup;
			children = (
				3BDD15AF2BAC4A1300F60554 /* SearchViewModel.swift */,
			);
			path = ViewModels;
			sourceTree = "<group>";
		};
		3BDD15AE2BAC49EE00F60554 /* Views */ = {
			isa = PBXGroup;
			children = (
				3BDD15B12BAC4D1100F60554 /* SearchView.swift */,
			);
			path = Views;
			sourceTree = "<group>";
		};
		3BDD15B32BAC558500F60554 /* FavoritesScreen */ = {
			isa = PBXGroup;
			children = (
				3BDD15B52BAC559F00F60554 /* Views */,
				3BDD15B42BAC559600F60554 /* ViewModels */,
			);
			path = FavoritesScreen;
			sourceTree = "<group>";
		};
		3BDD15B42BAC559600F60554 /* ViewModels */ = {
			isa = PBXGroup;
			children = (
				3BDD15B62BAC563D00F60554 /* FavoritesViewModel.swift */,
			);
			path = ViewModels;
			sourceTree = "<group>";
		};
		3BDD15B52BAC559F00F60554 /* Views */ = {
			isa = PBXGroup;
			children = (
				3BDD15B82BAC589B00F60554 /* FavoritesView.swift */,
				3BDFC0782BB396C30090E3EB /* FavoritesOfflineView.swift */,
			);
			path = Views;
			sourceTree = "<group>";
		};
		3BDD15BA2BAC5B9B00F60554 /* DetailScreen */ = {
			isa = PBXGroup;
			children = (
				3BDD15BC2BAC5BAC00F60554 /* Views */,
				3BDD15BB2BAC5BA300F60554 /* ViewModels */,
			);
			path = DetailScreen;
			sourceTree = "<group>";
		};
		3BDD15BB2BAC5BA300F60554 /* ViewModels */ = {
			isa = PBXGroup;
			children = (
				3BDD15BD2BAC5CCD00F60554 /* DetailViewModel.swift */,
			);
			path = ViewModels;
			sourceTree = "<group>";
		};
		3BDD15BC2BAC5BAC00F60554 /* Views */ = {
			isa = PBXGroup;
			children = (
				3BDD15BF2BAC6C6C00F60554 /* DetailView.swift */,
			);
			path = Views;
			sourceTree = "<group>";
		};
		3BDD15C12BAC6FA700F60554 /* Utilities */ = {
			isa = PBXGroup;
			children = (
				3BDD15C22BAC6FF100F60554 /* TabViewRouter.swift */,
				3B26B84D2B1D218D00334385 /* CustomAlert.swift */,
				3B8782992AE427230098C228 /* NetworkingError.swift */,
			);
			path = Utilities;
			sourceTree = "<group>";
		};
		3BDD15C82BAC784900F60554 /* Views */ = {
			isa = PBXGroup;
			children = (
				3B4171AB2B2334230093F7CE /* CarouselBackdropProgressView.swift */,
				3B4171A92B232A8D0093F7CE /* CarouselPosterProgressView.swift */,
				3BDD15C92BAC7BD700F60554 /* ThumbnailPosterView.swift */,
				3BDD15CB2BAC85DB00F60554 /* ThumbnailBackdropView.swift */,
				3BDD15CF2BACAD3E00F60554 /* DetailImageView.swift */,
				3BDD15D12BACD2C900F60554 /* SearchRowView.swift */,
				3BDBC9E82B2353410056F7BE /* EmptyPlaceholderView.swift */,
				3BDD15D32BAF173300F60554 /* DescrtiptionSection.swift */,
				3BDD15D52BAF1C0600F60554 /* TrailersSection.swift */,
				3BDD15D72BAF1D9600F60554 /* CastSection.swift */,
			);
			path = Views;
			sourceTree = "<group>";
		};
		3BDD15DD2BAF70EA00F60554 /* Local */ = {
			isa = PBXGroup;
			children = (
				3BDD15DE2BAF719A00F60554 /* TMDBAppDataModel.xcdatamodeld */,
				3BDD15E12BAF75B300F60554 /* CoreDataStack.swift */,
			);
			path = Local;
			sourceTree = "<group>";
		};
		3BF09F672B9F82A300F59F3E /* Entity */ = {
			isa = PBXGroup;
			children = (
				3BF09F682B9F839200F59F3E /* MovieListEntity.swift */,
				3BF09F6A2B9F89F600F59F3E /* MovieEntity.swift */,
				3BF09F6C2B9F8DF900F59F3E /* SingleMovieEntity.swift */,
				3BF09FC72BA76A9900F59F3E /* PostMovieToFavoritesEntity.swift */,
				3BF09FC92BA76B1F00F59F3E /* PostMovieToFavoritesResponseEntity.swift */,
			);
			path = Entity;
			sourceTree = "<group>";
		};
		3BF09F6E2BA0D2A600F59F3E /* Repository */ = {
			isa = PBXGroup;
			children = (
				3BF09F6F2BA0D30500F59F3E /* MovieListRepository.swift */,
				3BF09F712BA0D52800F59F3E /* SearchMovieRepository.swift */,
				3BF09F742BA0DBF300F59F3E /* FavoritesRepository.swift */,
				3B0E39D62BAF8BBA00193FF7 /* FavoritesOfflineRepository.swift */,
			);
			path = Repository;
			sourceTree = "<group>";
		};
		3BF09F762BA0DE3C00F59F3E /* UseCase */ = {
			isa = PBXGroup;
			children = (
				3B0E39D82BAF8E0400193FF7 /* Offline Use Cases */,
				3BF09F772BA0DF4600F59F3E /* GetNowPlayingMoviesUseCase.swift */,
				3BF09FAF2BA6F88100F59F3E /* GetUpcomingMoviesUseCase.swift */,
				3BF09FB12BA6F8EE00F59F3E /* GetTopRatedMoviesUseCase.swift */,
				3BF09FB32BA6F97500F59F3E /* GetPopularMoviesUseCase.swift */,
				3BF09FC12BA72C2700F59F3E /* GetMovieByIdUseCase.swift */,
				3BF09F792BA0E51D00F59F3E /* SearchMovieUseCase.swift */,
				3BF09F7B2BA0E80E00F59F3E /* GetFavoritesUseCase.swift */,
				3BF09FD12BA7741000F59F3E /* PostMovieToFavoritesUseCase.swift */,
				3BF09FD32BA85EFB00F59F3E /* DeleteMovieFromFavoritesUseCase.swift */,
			);
			path = UseCase;
			sourceTree = "<group>";
		};
		3BF09F7D2BA0EB4200F59F3E /* Data */ = {
			isa = PBXGroup;
			children = (
				3BF09F7F2BA0F32900F59F3E /* Constants */,
				3BF09F7E2BA0F31900F59F3E /* Networking */,
				3BF09FA32BA38EAA00F59F3E /* Mappers */,
				3BF09F932BA1F40900F59F3E /* DTO Models */,
				3BF09F9A2BA3679E00F59F3E /* DataSource */,
				3BF09FAA2BA4889E00F59F3E /* Repository */,
			);
			path = Data;
			sourceTree = "<group>";
		};
		3BF09F7E2BA0F31900F59F3E /* Networking */ = {
			isa = PBXGroup;
			children = (
				3BF09F9E2BA36D0700F59F3E /* Individual Requests */,
				3BF09F892BA1D76D00F59F3E /* Request */,
				3BF09F8A2BA1D78C00F59F3E /* Parsing */,
				3BF09F8F2BA1DE2600F59F3E /* NetworkManager.swift */,
				3BF09F912BA1DE4100F59F3E /* RequestManager.swift */,
			);
			path = Networking;
			sourceTree = "<group>";
		};
		3BF09F7F2BA0F32900F59F3E /* Constants */ = {
			isa = PBXGroup;
			children = (
				3BF09F802BA0F39B00F59F3E /* APIConstants.swift */,
			);
			path = Constants;
			sourceTree = "<group>";
		};
		3BF09F892BA1D76D00F59F3E /* Request */ = {
			isa = PBXGroup;
			children = (
				3BF09F822BA0F3D400F59F3E /* RequestProtocol.swift */,
				3BF09F842BA0F41600F59F3E /* RequestType.swift */,
			);
			path = Request;
			sourceTree = "<group>";
		};
		3BF09F8A2BA1D78C00F59F3E /* Parsing */ = {
			isa = PBXGroup;
			children = (
				3BF09F8B2BA1D85400F59F3E /* DataParser.swift */,
				3BF09F8D2BA1DAB100F59F3E /* DataEncoder.swift */,
			);
			path = Parsing;
			sourceTree = "<group>";
		};
		3BF09F932BA1F40900F59F3E /* DTO Models */ = {
			isa = PBXGroup;
			children = (
				3BF09F942BA2F89600F59F3E /* MovieListDTO.swift */,
				3BF09F962BA2FC0F00F59F3E /* MovieDTO.swift */,
				3BF09F982BA2FF1500F59F3E /* SingleMovieDTO.swift */,
				3BF09FC32BA7676E00F59F3E /* PostMovieToFavoritesRequestDTO.swift */,
				3BF09FC52BA7682E00F59F3E /* PostMovieToFavoritesResponseDTO.swift */,
				3B1C2E322BB17B3100A0DAF6 /* CoreDataDTO+Extension.swift */,
			);
			path = "DTO Models";
			sourceTree = "<group>";
		};
		3BF09F9A2BA3679E00F59F3E /* DataSource */ = {
			isa = PBXGroup;
			children = (
				3BDD15DD2BAF70EA00F60554 /* Local */,
				3B0E39CE2BAF7C8A00193FF7 /* FavoritesOfflineDataSource.swift */,
				3BF09F9B2BA367B100F59F3E /* Remote */,
			);
			path = DataSource;
			sourceTree = "<group>";
		};
		3BF09F9B2BA367B100F59F3E /* Remote */ = {
			isa = PBXGroup;
			children = (
				3BF09F9C2BA36A3B00F59F3E /* MovieDataSource.swift */,
				3BF09FB52BA6FC4800F59F3E /* SearchMoviesDataSource.swift */,
				3BF09FBB2BA71FB700F59F3E /* FavoriteMoviesDataSource.swift */,
			);
			path = Remote;
			sourceTree = "<group>";
		};
		3BF09F9E2BA36D0700F59F3E /* Individual Requests */ = {
			isa = PBXGroup;
			children = (
				3BF09F9F2BA36D7900F59F3E /* MoviesRequest.swift */,
				3BF09FB72BA6FDCF00F59F3E /* SearchMoviesRequest.swift */,
				3BF09FBD2BA7203D00F59F3E /* FavoriteMoviesRequest.swift */,
			);
			path = "Individual Requests";
			sourceTree = "<group>";
		};
		3BF09FA32BA38EAA00F59F3E /* Mappers */ = {
			isa = PBXGroup;
			children = (
				3BF09FA42BA38EB900F59F3E /* DomainMapper.swift */,
				3BF09FA62BA449A000F59F3E /* MovieDTO+DomainMapper.swift */,
				3BF09FA82BA46A7C00F59F3E /* SingleMovieDTO+DomainMapper.swift */,
				3BF09FAD2BA5C99300F59F3E /* MovieListDTO+DomainMapper.swift */,
				3BF09FCB2BA76C0500F59F3E /* DTOMapper.swift */,
				3BF09FCD2BA76C4900F59F3E /* PostMovieToFavorites+DTOMapper.swift */,
				3B0E39D22BAF849500193FF7 /* CoreDataMapper.swift */,
				3B0E39D02BAF7F1100193FF7 /* CoreDataDTO+DomainMappers.swift */,
			);
			path = Mappers;
			sourceTree = "<group>";
		};
		3BF09FAA2BA4889E00F59F3E /* Repository */ = {
			isa = PBXGroup;
			children = (
				3BF09FAB2BA5C67300F59F3E /* DefaultMoviesRepository.swift */,
				3BF09FB92BA7035E00F59F3E /* DefaultSearchMoviesRepository.swift */,
				3BF09FBF2BA7223100F59F3E /* DefaultFavoriteMoviesRepository.swift */,
				3B0E39D42BAF8B5700193FF7 /* DefaultFavoriteMoviesOfflineRepository.swift */,
			);
			path = Repository;
			sourceTree = "<group>";
		};
		3BF09FD52BA86D6B00F59F3E /* Screens */ = {
			isa = PBXGroup;
			children = (
				3BF236DD2BAB1108004E1D0E /* ContainerView */,
				3BDD15BA2BAC5B9B00F60554 /* DetailScreen */,
				3BDD15B32BAC558500F60554 /* FavoritesScreen */,
				3BDD15AC2BAC49B700F60554 /* SearchScreen */,
				3BF236DC2BAB10EA004E1D0E /* HomeScreen */,
			);
			path = Screens;
			sourceTree = "<group>";
		};
		3BF09FD92BA86FB600F59F3E /* ReusableViews */ = {
			isa = PBXGroup;
			children = (
				3B4171A72B2327970093F7CE /* ShimmerEffectBox.swift */,
				3BF09FDA2BA86FD000F59F3E /* BaseStateView.swift */,
				3BF09FDE2BA870B900F59F3E /* CustomListView.swift */,
				3BDD15C42BAC70BA00F60554 /* AppTabView1.swift */,
			);
			path = ReusableViews;
			sourceTree = "<group>";
		};
		3BF236D22BAB01C7004E1D0E /* Presentation */ = {
			isa = PBXGroup;
			children = (
				3BDD15C82BAC784900F60554 /* Views */,
				3BF09FD92BA86FB600F59F3E /* ReusableViews */,
				3BF236D32BAB0291004E1D0E /* ViewModelWrapper */,
				3BF09FD52BA86D6B00F59F3E /* Screens */,
			);
			path = Presentation;
			sourceTree = "<group>";
		};
		3BF236D32BAB0291004E1D0E /* ViewModelWrapper */ = {
			isa = PBXGroup;
			children = (
				3BF09FDC2BA8701800F59F3E /* ViewModel.swift */,
			);
			path = ViewModelWrapper;
			sourceTree = "<group>";
		};
		3BF236D92BAB0803004E1D0E /* DI Resolver */ = {
			isa = PBXGroup;
			children = (
				3BF236DA2BAB081E004E1D0E /* Resolver.swift */,
			);
			path = "DI Resolver";
			sourceTree = "<group>";
		};
		3BF236DC2BAB10EA004E1D0E /* HomeScreen */ = {
			isa = PBXGroup;
			children = (
				3BF236E32BAB13D7004E1D0E /* Views */,
				3BF236E02BAB13AB004E1D0E /* ViewModels */,
			);
			path = HomeScreen;
			sourceTree = "<group>";
		};
		3BF236DD2BAB1108004E1D0E /* ContainerView */ = {
			isa = PBXGroup;
			children = (
				3BDD15C62BAC722D00F60554 /* ContainerView.swift */,
			);
			path = ContainerView;
			sourceTree = "<group>";
		};
		3BF236E02BAB13AB004E1D0E /* ViewModels */ = {
			isa = PBXGroup;
			children = (
				3BF236DE2BAB1128004E1D0E /* HomeViewModel.swift */,
			);
			path = ViewModels;
			sourceTree = "<group>";
		};
		3BF236E32BAB13D7004E1D0E /* Views */ = {
			isa = PBXGroup;
			children = (
				3BF236E42BAB1743004E1D0E /* HomeView.swift */,
			);
			path = Views;
			sourceTree = "<group>";
		};
/* End PBXGroup section */

/* Begin PBXNativeTarget section */
		3B2C2A7A2BC86505009869EE /* TMDB AppTests */ = {
			isa = PBXNativeTarget;
			buildConfigurationList = 3B2C2A812BC86505009869EE /* Build configuration list for PBXNativeTarget "TMDB AppTests" */;
			buildPhases = (
				3B2C2A772BC86505009869EE /* Sources */,
				3B2C2A782BC86505009869EE /* Frameworks */,
				3B2C2A792BC86505009869EE /* Resources */,
			);
			buildRules = (
			);
			dependencies = (
				3B2C2A802BC86505009869EE /* PBXTargetDependency */,
			);
			name = "TMDB AppTests";
			productName = "TMDB AppTests";
			productReference = 3B2C2A7B2BC86505009869EE /* TMDB AppTests.xctest */;
			productType = "com.apple.product-type.bundle.unit-test";
		};
		3B8782832AE4261C0098C228 /* TMDB App */ = {
			isa = PBXNativeTarget;
			buildConfigurationList = 3B8782922AE4261D0098C228 /* Build configuration list for PBXNativeTarget "TMDB App" */;
			buildPhases = (
				3B8782802AE4261C0098C228 /* Sources */,
				3B8782812AE4261C0098C228 /* Frameworks */,
				3B8782822AE4261C0098C228 /* Resources */,
			);
			buildRules = (
			);
			dependencies = (
			);
			name = "TMDB App";
			packageProductDependencies = (
				3BF236D52BAB0701004E1D0E /* Swinject */,
				3BF236D72BAB0701004E1D0E /* Swinject-Dynamic */,
			);
			productName = "TMDB App";
			productReference = 3B8782842AE4261C0098C228 /* TMDB App.app */;
			productType = "com.apple.product-type.application";
		};
/* End PBXNativeTarget section */

/* Begin PBXProject section */
		3B87827C2AE4261C0098C228 /* Project object */ = {
			isa = PBXProject;
			attributes = {
				BuildIndependentTargetsInParallel = 1;
				LastSwiftUpdateCheck = 1520;
				LastUpgradeCheck = 1500;
				TargetAttributes = {
					3B2C2A7A2BC86505009869EE = {
						CreatedOnToolsVersion = 15.2;
						TestTargetID = 3B8782832AE4261C0098C228;
					};
					3B8782832AE4261C0098C228 = {
						CreatedOnToolsVersion = 15.0.1;
					};
				};
			};
			buildConfigurationList = 3B87827F2AE4261C0098C228 /* Build configuration list for PBXProject "TMDB App" */;
			compatibilityVersion = "Xcode 14.0";
			developmentRegion = en;
			hasScannedForEncodings = 0;
			knownRegions = (
				en,
				Base,
			);
			mainGroup = 3B87827B2AE4261C0098C228;
			packageReferences = (
				3BF236D42BAB0701004E1D0E /* XCRemoteSwiftPackageReference "Swinject" */,
			);
			productRefGroup = 3B8782852AE4261C0098C228 /* Products */;
			projectDirPath = "";
			projectRoot = "";
			targets = (
				3B8782832AE4261C0098C228 /* TMDB App */,
				3B2C2A7A2BC86505009869EE /* TMDB AppTests */,
			);
		};
/* End PBXProject section */

/* Begin PBXResourcesBuildPhase section */
		3B2C2A792BC86505009869EE /* Resources */ = {
			isa = PBXResourcesBuildPhase;
			buildActionMask = 2147483647;
			files = (
			);
			runOnlyForDeploymentPostprocessing = 0;
		};
		3B8782822AE4261C0098C228 /* Resources */ = {
			isa = PBXResourcesBuildPhase;
			buildActionMask = 2147483647;
			files = (
				3B87828F2AE4261D0098C228 /* Preview Assets.xcassets in Resources */,
				3B87828C2AE4261D0098C228 /* Assets.xcassets in Resources */,
			);
			runOnlyForDeploymentPostprocessing = 0;
		};
/* End PBXResourcesBuildPhase section */

/* Begin PBXSourcesBuildPhase section */
		3B2C2A772BC86505009869EE /* Sources */ = {
			isa = PBXSourcesBuildPhase;
			buildActionMask = 2147483647;
			files = (
				3B2C2A882BC865BF009869EE /* MovieListMockRepository.swift in Sources */,
				3B2C2A7E2BC86505009869EE /* GetNowPlayingMoviesTests.swift in Sources */,
				3B0F6DD22BCC01EE0037A1FB /* GetMovieByIdUseCaseTests.swift in Sources */,
			);
			runOnlyForDeploymentPostprocessing = 0;
		};
		3B8782802AE4261C0098C228 /* Sources */ = {
			isa = PBXSourcesBuildPhase;
			buildActionMask = 2147483647;
			files = (
				3BF09F902BA1DE2600F59F3E /* NetworkManager.swift in Sources */,
				3BF09F7C2BA0E80F00F59F3E /* GetFavoritesUseCase.swift in Sources */,
				3BF09FA52BA38EB900F59F3E /* DomainMapper.swift in Sources */,
				3BF09FAE2BA5C99300F59F3E /* MovieListDTO+DomainMapper.swift in Sources */,
				3BF09FDF2BA870B900F59F3E /* CustomListView.swift in Sources */,
				3BF09F722BA0D52800F59F3E /* SearchMovieRepository.swift in Sources */,
				3BDBC9E92B2353420056F7BE /* EmptyPlaceholderView.swift in Sources */,
				3B0E39DE2BAF902F00193FF7 /* CheckFavoriteOfflineUseCase.swift in Sources */,
				3BF09F9D2BA36A3B00F59F3E /* MovieDataSource.swift in Sources */,
				3BF09FC22BA72C2700F59F3E /* GetMovieByIdUseCase.swift in Sources */,
				3B4171AA2B232A8D0093F7CE /* CarouselPosterProgressView.swift in Sources */,
				3BF09F992BA2FF1500F59F3E /* SingleMovieDTO.swift in Sources */,
				3BF09F6B2B9F89F600F59F3E /* MovieEntity.swift in Sources */,
				3BF09F662B9F805C00F59F3E /* AppError.swift in Sources */,
				3B0E39E02BAF943400193FF7 /* RemoveFavoriteOfflineUseCase.swift in Sources */,
				3BDD15C72BAC722D00F60554 /* ContainerView.swift in Sources */,
				3BF09FDB2BA86FD000F59F3E /* BaseStateView.swift in Sources */,
				3BF09F702BA0D30500F59F3E /* MovieListRepository.swift in Sources */,
				3BDD15D22BACD2C900F60554 /* SearchRowView.swift in Sources */,
				3BF09F8E2BA1DAB100F59F3E /* DataEncoder.swift in Sources */,
				3BF236DF2BAB1128004E1D0E /* HomeViewModel.swift in Sources */,
				3BDD15B72BAC563D00F60554 /* FavoritesViewModel.swift in Sources */,
				3B0E39DA2BAF8E3D00193FF7 /* GetFavoritesOfflineUseCase.swift in Sources */,
				3BF09F972BA2FC0F00F59F3E /* MovieDTO.swift in Sources */,
				3B0E39D32BAF849500193FF7 /* CoreDataMapper.swift in Sources */,
				3BF236E52BAB1743004E1D0E /* HomeView.swift in Sources */,
				3BDD15B92BAC589B00F60554 /* FavoritesView.swift in Sources */,
				3BF09FBC2BA71FB700F59F3E /* FavoriteMoviesDataSource.swift in Sources */,
				3BF09FC62BA7682E00F59F3E /* PostMovieToFavoritesResponseDTO.swift in Sources */,
				3BF09FDD2BA8701800F59F3E /* ViewModel.swift in Sources */,
				3BF09FCA2BA76B1F00F59F3E /* PostMovieToFavoritesResponseEntity.swift in Sources */,
				3BDD15E02BAF719A00F60554 /* TMDBAppDataModel.xcdatamodeld in Sources */,
				3BDD15CC2BAC85DB00F60554 /* ThumbnailBackdropView.swift in Sources */,
				3B7109FF2B2DC25F00A9395E /* CachedImageManager.swift in Sources */,
				3BF09FB42BA6F97500F59F3E /* GetPopularMoviesUseCase.swift in Sources */,
				3BF09FC82BA76A9900F59F3E /* PostMovieToFavoritesEntity.swift in Sources */,
				3B0E39D12BAF7F1100193FF7 /* CoreDataDTO+DomainMappers.swift in Sources */,
				3BDD15CA2BAC7BD700F60554 /* ThumbnailPosterView.swift in Sources */,
				3BF09FB82BA6FDCF00F59F3E /* SearchMoviesRequest.swift in Sources */,
				3BF09F922BA1DE4100F59F3E /* RequestManager.swift in Sources */,
				3BF09FBE2BA7203D00F59F3E /* FavoriteMoviesRequest.swift in Sources */,
				3BF09FBA2BA7035E00F59F3E /* DefaultSearchMoviesRepository.swift in Sources */,
				3BDD15B02BAC4A1300F60554 /* SearchViewModel.swift in Sources */,
				3BDD15D82BAF1D9600F60554 /* CastSection.swift in Sources */,
				3BDD15D42BAF173300F60554 /* DescrtiptionSection.swift in Sources */,
				3BF09FC02BA7223100F59F3E /* DefaultFavoriteMoviesRepository.swift in Sources */,
				3BF09FAC2BA5C67300F59F3E /* DefaultMoviesRepository.swift in Sources */,
				3BF09F7A2BA0E51D00F59F3E /* SearchMovieUseCase.swift in Sources */,
				3BF09F952BA2F89600F59F3E /* MovieListDTO.swift in Sources */,
				3BDD15C52BAC70BA00F60554 /* AppTabView1.swift in Sources */,
				3BF09FB62BA6FC4800F59F3E /* SearchMoviesDataSource.swift in Sources */,
				3BDD15C32BAC6FF100F60554 /* TabViewRouter.swift in Sources */,
				3B4171AC2B2334230093F7CE /* CarouselBackdropProgressView.swift in Sources */,
				3B8782882AE4261C0098C228 /* TMDB_App.swift in Sources */,
				3BF09FD22BA7741000F59F3E /* PostMovieToFavoritesUseCase.swift in Sources */,
				3BF09FA92BA46A7C00F59F3E /* SingleMovieDTO+DomainMapper.swift in Sources */,
				3B87829E2AE427230098C228 /* NetworkingError.swift in Sources */,
				3BF09F752BA0DBF300F59F3E /* FavoritesRepository.swift in Sources */,
				3BF09FC42BA7676E00F59F3E /* PostMovieToFavoritesRequestDTO.swift in Sources */,
				3BF09FB22BA6F8EE00F59F3E /* GetTopRatedMoviesUseCase.swift in Sources */,
				3B0E39D72BAF8BBA00193FF7 /* FavoritesOfflineRepository.swift in Sources */,
				3BDFC0792BB396C30090E3EB /* FavoritesOfflineView.swift in Sources */,
				3B5452C32B2DBCC300FA6F55 /* ImageRetriever.swift in Sources */,
				3BF09F8C2BA1D85400F59F3E /* DataParser.swift in Sources */,
				3BDD15C02BAC6C6C00F60554 /* DetailView.swift in Sources */,
				3BF09F832BA0F3D400F59F3E /* RequestProtocol.swift in Sources */,
				3BF09FA72BA449A000F59F3E /* MovieDTO+DomainMapper.swift in Sources */,
				3BF09F782BA0DF4600F59F3E /* GetNowPlayingMoviesUseCase.swift in Sources */,
				3BF09F6D2B9F8DF900F59F3E /* SingleMovieEntity.swift in Sources */,
				3B7109FD2B2DBF4B00A9395E /* ImageCache.swift in Sources */,
				3BF09FD42BA85EFB00F59F3E /* DeleteMovieFromFavoritesUseCase.swift in Sources */,
				3BF236DB2BAB081E004E1D0E /* Resolver.swift in Sources */,
				3B710A012B2DC36E00A9395E /* CachedImage.swift in Sources */,
				3BDD15D02BACAD3E00F60554 /* DetailImageView.swift in Sources */,
				3BF09FB02BA6F88100F59F3E /* GetUpcomingMoviesUseCase.swift in Sources */,
				3B1C2E332BB17B3100A0DAF6 /* CoreDataDTO+Extension.swift in Sources */,
				3BF09F812BA0F39B00F59F3E /* APIConstants.swift in Sources */,
				3BDD15BE2BAC5CCD00F60554 /* DetailViewModel.swift in Sources */,
				3BF09FCE2BA76C4900F59F3E /* PostMovieToFavorites+DTOMapper.swift in Sources */,
				3BDD15B22BAC4D1100F60554 /* SearchView.swift in Sources */,
				3BF09F852BA0F41600F59F3E /* RequestType.swift in Sources */,
				3B26B84E2B1D218D00334385 /* CustomAlert.swift in Sources */,
				3BDD15D62BAF1C0600F60554 /* TrailersSection.swift in Sources */,
				3BF09F692B9F839200F59F3E /* MovieListEntity.swift in Sources */,
				3BF09FCC2BA76C0500F59F3E /* DTOMapper.swift in Sources */,
				3BDD15E22BAF75B300F60554 /* CoreDataStack.swift in Sources */,
				3B0E39DC2BAF8F7900193FF7 /* AddFavoriteOfflineUseCase.swift in Sources */,
				3B0E39D52BAF8B5700193FF7 /* DefaultFavoriteMoviesOfflineRepository.swift in Sources */,
				3B0E39CF2BAF7C8A00193FF7 /* FavoritesOfflineDataSource.swift in Sources */,
				3BF09FA02BA36D7900F59F3E /* MoviesRequest.swift in Sources */,
				3B4171A82B2327970093F7CE /* ShimmerEffectBox.swift in Sources */,
			);
			runOnlyForDeploymentPostprocessing = 0;
		};
/* End PBXSourcesBuildPhase section */

/* Begin PBXTargetDependency section */
		3B2C2A802BC86505009869EE /* PBXTargetDependency */ = {
			isa = PBXTargetDependency;
			target = 3B8782832AE4261C0098C228 /* TMDB App */;
			targetProxy = 3B2C2A7F2BC86505009869EE /* PBXContainerItemProxy */;
		};
/* End PBXTargetDependency section */

/* Begin XCBuildConfiguration section */
		3B2C2A822BC86505009869EE /* Debug */ = {
			isa = XCBuildConfiguration;
			buildSettings = {
				BUNDLE_LOADER = "$(TEST_HOST)";
				CODE_SIGN_STYLE = Automatic;
				CURRENT_PROJECT_VERSION = 1;
				DEVELOPMENT_TEAM = FQWAP959Y3;
				GENERATE_INFOPLIST_FILE = YES;
				IPHONEOS_DEPLOYMENT_TARGET = 17.2;
				MARKETING_VERSION = 1.0;
				PRODUCT_BUNDLE_IDENTIFIER = "com.onflyer.TMDB-AppTests";
				PRODUCT_NAME = "$(TARGET_NAME)";
				SWIFT_EMIT_LOC_STRINGS = NO;
				SWIFT_VERSION = 5.0;
				TARGETED_DEVICE_FAMILY = "1,2";
				TEST_HOST = "$(BUILT_PRODUCTS_DIR)/TMDB App.app/$(BUNDLE_EXECUTABLE_FOLDER_PATH)/TMDB App";
			};
			name = Debug;
		};
		3B2C2A832BC86505009869EE /* Release */ = {
			isa = XCBuildConfiguration;
			buildSettings = {
				BUNDLE_LOADER = "$(TEST_HOST)";
				CODE_SIGN_STYLE = Automatic;
				CURRENT_PROJECT_VERSION = 1;
				DEVELOPMENT_TEAM = FQWAP959Y3;
				GENERATE_INFOPLIST_FILE = YES;
				IPHONEOS_DEPLOYMENT_TARGET = 17.2;
				MARKETING_VERSION = 1.0;
				PRODUCT_BUNDLE_IDENTIFIER = "com.onflyer.TMDB-AppTests";
				PRODUCT_NAME = "$(TARGET_NAME)";
				SWIFT_EMIT_LOC_STRINGS = NO;
				SWIFT_VERSION = 5.0;
				TARGETED_DEVICE_FAMILY = "1,2";
				TEST_HOST = "$(BUILT_PRODUCTS_DIR)/TMDB App.app/$(BUNDLE_EXECUTABLE_FOLDER_PATH)/TMDB App";
			};
			name = Release;
		};
		3B8782902AE4261D0098C228 /* Debug */ = {
			isa = XCBuildConfiguration;
			buildSettings = {
				ALWAYS_SEARCH_USER_PATHS = NO;
				ASSETCATALOG_COMPILER_GENERATE_SWIFT_ASSET_SYMBOL_EXTENSIONS = YES;
				CLANG_ANALYZER_NONNULL = YES;
				CLANG_ANALYZER_NUMBER_OBJECT_CONVERSION = YES_AGGRESSIVE;
				CLANG_CXX_LANGUAGE_STANDARD = "gnu++20";
				CLANG_ENABLE_MODULES = YES;
				CLANG_ENABLE_OBJC_ARC = YES;
				CLANG_ENABLE_OBJC_WEAK = YES;
				CLANG_WARN_BLOCK_CAPTURE_AUTORELEASING = YES;
				CLANG_WARN_BOOL_CONVERSION = YES;
				CLANG_WARN_COMMA = YES;
				CLANG_WARN_CONSTANT_CONVERSION = YES;
				CLANG_WARN_DEPRECATED_OBJC_IMPLEMENTATIONS = YES;
				CLANG_WARN_DIRECT_OBJC_ISA_USAGE = YES_ERROR;
				CLANG_WARN_DOCUMENTATION_COMMENTS = YES;
				CLANG_WARN_EMPTY_BODY = YES;
				CLANG_WARN_ENUM_CONVERSION = YES;
				CLANG_WARN_INFINITE_RECURSION = YES;
				CLANG_WARN_INT_CONVERSION = YES;
				CLANG_WARN_NON_LITERAL_NULL_CONVERSION = YES;
				CLANG_WARN_OBJC_IMPLICIT_RETAIN_SELF = YES;
				CLANG_WARN_OBJC_LITERAL_CONVERSION = YES;
				CLANG_WARN_OBJC_ROOT_CLASS = YES_ERROR;
				CLANG_WARN_QUOTED_INCLUDE_IN_FRAMEWORK_HEADER = YES;
				CLANG_WARN_RANGE_LOOP_ANALYSIS = YES;
				CLANG_WARN_STRICT_PROTOTYPES = YES;
				CLANG_WARN_SUSPICIOUS_MOVE = YES;
				CLANG_WARN_UNGUARDED_AVAILABILITY = YES_AGGRESSIVE;
				CLANG_WARN_UNREACHABLE_CODE = YES;
				CLANG_WARN__DUPLICATE_METHOD_MATCH = YES;
				COPY_PHASE_STRIP = NO;
				DEBUG_INFORMATION_FORMAT = dwarf;
				ENABLE_STRICT_OBJC_MSGSEND = YES;
				ENABLE_TESTABILITY = YES;
				ENABLE_USER_SCRIPT_SANDBOXING = YES;
				GCC_C_LANGUAGE_STANDARD = gnu17;
				GCC_DYNAMIC_NO_PIC = NO;
				GCC_NO_COMMON_BLOCKS = YES;
				GCC_OPTIMIZATION_LEVEL = 0;
				GCC_PREPROCESSOR_DEFINITIONS = (
					"DEBUG=1",
					"$(inherited)",
				);
				GCC_WARN_64_TO_32_BIT_CONVERSION = YES;
				GCC_WARN_ABOUT_RETURN_TYPE = YES_ERROR;
				GCC_WARN_UNDECLARED_SELECTOR = YES;
				GCC_WARN_UNINITIALIZED_AUTOS = YES_AGGRESSIVE;
				GCC_WARN_UNUSED_FUNCTION = YES;
				GCC_WARN_UNUSED_VARIABLE = YES;
				IPHONEOS_DEPLOYMENT_TARGET = 17.0;
				LOCALIZATION_PREFERS_STRING_CATALOGS = YES;
				MTL_ENABLE_DEBUG_INFO = INCLUDE_SOURCE;
				MTL_FAST_MATH = YES;
				ONLY_ACTIVE_ARCH = YES;
				SDKROOT = iphoneos;
				SWIFT_ACTIVE_COMPILATION_CONDITIONS = "DEBUG $(inherited)";
				SWIFT_OPTIMIZATION_LEVEL = "-Onone";
			};
			name = Debug;
		};
		3B8782912AE4261D0098C228 /* Release */ = {
			isa = XCBuildConfiguration;
			buildSettings = {
				ALWAYS_SEARCH_USER_PATHS = NO;
				ASSETCATALOG_COMPILER_GENERATE_SWIFT_ASSET_SYMBOL_EXTENSIONS = YES;
				CLANG_ANALYZER_NONNULL = YES;
				CLANG_ANALYZER_NUMBER_OBJECT_CONVERSION = YES_AGGRESSIVE;
				CLANG_CXX_LANGUAGE_STANDARD = "gnu++20";
				CLANG_ENABLE_MODULES = YES;
				CLANG_ENABLE_OBJC_ARC = YES;
				CLANG_ENABLE_OBJC_WEAK = YES;
				CLANG_WARN_BLOCK_CAPTURE_AUTORELEASING = YES;
				CLANG_WARN_BOOL_CONVERSION = YES;
				CLANG_WARN_COMMA = YES;
				CLANG_WARN_CONSTANT_CONVERSION = YES;
				CLANG_WARN_DEPRECATED_OBJC_IMPLEMENTATIONS = YES;
				CLANG_WARN_DIRECT_OBJC_ISA_USAGE = YES_ERROR;
				CLANG_WARN_DOCUMENTATION_COMMENTS = YES;
				CLANG_WARN_EMPTY_BODY = YES;
				CLANG_WARN_ENUM_CONVERSION = YES;
				CLANG_WARN_INFINITE_RECURSION = YES;
				CLANG_WARN_INT_CONVERSION = YES;
				CLANG_WARN_NON_LITERAL_NULL_CONVERSION = YES;
				CLANG_WARN_OBJC_IMPLICIT_RETAIN_SELF = YES;
				CLANG_WARN_OBJC_LITERAL_CONVERSION = YES;
				CLANG_WARN_OBJC_ROOT_CLASS = YES_ERROR;
				CLANG_WARN_QUOTED_INCLUDE_IN_FRAMEWORK_HEADER = YES;
				CLANG_WARN_RANGE_LOOP_ANALYSIS = YES;
				CLANG_WARN_STRICT_PROTOTYPES = YES;
				CLANG_WARN_SUSPICIOUS_MOVE = YES;
				CLANG_WARN_UNGUARDED_AVAILABILITY = YES_AGGRESSIVE;
				CLANG_WARN_UNREACHABLE_CODE = YES;
				CLANG_WARN__DUPLICATE_METHOD_MATCH = YES;
				COPY_PHASE_STRIP = NO;
				DEBUG_INFORMATION_FORMAT = "dwarf-with-dsym";
				ENABLE_NS_ASSERTIONS = NO;
				ENABLE_STRICT_OBJC_MSGSEND = YES;
				ENABLE_USER_SCRIPT_SANDBOXING = YES;
				GCC_C_LANGUAGE_STANDARD = gnu17;
				GCC_NO_COMMON_BLOCKS = YES;
				GCC_WARN_64_TO_32_BIT_CONVERSION = YES;
				GCC_WARN_ABOUT_RETURN_TYPE = YES_ERROR;
				GCC_WARN_UNDECLARED_SELECTOR = YES;
				GCC_WARN_UNINITIALIZED_AUTOS = YES_AGGRESSIVE;
				GCC_WARN_UNUSED_FUNCTION = YES;
				GCC_WARN_UNUSED_VARIABLE = YES;
				IPHONEOS_DEPLOYMENT_TARGET = 17.0;
				LOCALIZATION_PREFERS_STRING_CATALOGS = YES;
				MTL_ENABLE_DEBUG_INFO = NO;
				MTL_FAST_MATH = YES;
				SDKROOT = iphoneos;
				SWIFT_COMPILATION_MODE = wholemodule;
				VALIDATE_PRODUCT = YES;
			};
			name = Release;
		};
		3B8782932AE4261D0098C228 /* Debug */ = {
			isa = XCBuildConfiguration;
			buildSettings = {
				ASSETCATALOG_COMPILER_APPICON_NAME = AppIcon;
				ASSETCATALOG_COMPILER_GLOBAL_ACCENT_COLOR_NAME = AccentColor;
				CODE_SIGN_STYLE = Automatic;
				CURRENT_PROJECT_VERSION = 1;
				DEVELOPMENT_ASSET_PATHS = "\"Preview Content\"";
				DEVELOPMENT_TEAM = FQWAP959Y3;
				ENABLE_PREVIEWS = YES;
				GENERATE_INFOPLIST_FILE = YES;
				INFOPLIST_KEY_UIApplicationSceneManifest_Generation = YES;
				INFOPLIST_KEY_UIApplicationSupportsIndirectInputEvents = YES;
				INFOPLIST_KEY_UILaunchScreen_Generation = YES;
				INFOPLIST_KEY_UISupportedInterfaceOrientations_iPad = "UIInterfaceOrientationPortrait UIInterfaceOrientationPortraitUpsideDown UIInterfaceOrientationLandscapeLeft UIInterfaceOrientationLandscapeRight";
				INFOPLIST_KEY_UISupportedInterfaceOrientations_iPhone = "UIInterfaceOrientationPortrait UIInterfaceOrientationLandscapeLeft UIInterfaceOrientationLandscapeRight";
				IPHONEOS_DEPLOYMENT_TARGET = 16.6;
				LD_RUNPATH_SEARCH_PATHS = (
					"$(inherited)",
					"@executable_path/Frameworks",
				);
				MARKETING_VERSION = 1.0;
				PRODUCT_BUNDLE_IDENTIFIER = "com.onflyer.TMDB-App";
				PRODUCT_NAME = "$(TARGET_NAME)";
				SWIFT_EMIT_LOC_STRINGS = YES;
				SWIFT_VERSION = 5.0;
				TARGETED_DEVICE_FAMILY = "1,2";
			};
			name = Debug;
		};
		3B8782942AE4261D0098C228 /* Release */ = {
			isa = XCBuildConfiguration;
			buildSettings = {
				ASSETCATALOG_COMPILER_APPICON_NAME = AppIcon;
				ASSETCATALOG_COMPILER_GLOBAL_ACCENT_COLOR_NAME = AccentColor;
				CODE_SIGN_STYLE = Automatic;
				CURRENT_PROJECT_VERSION = 1;
				DEVELOPMENT_ASSET_PATHS = "\"Preview Content\"";
				DEVELOPMENT_TEAM = FQWAP959Y3;
				ENABLE_PREVIEWS = YES;
				GENERATE_INFOPLIST_FILE = YES;
				INFOPLIST_KEY_UIApplicationSceneManifest_Generation = YES;
				INFOPLIST_KEY_UIApplicationSupportsIndirectInputEvents = YES;
				INFOPLIST_KEY_UILaunchScreen_Generation = YES;
				INFOPLIST_KEY_UISupportedInterfaceOrientations_iPad = "UIInterfaceOrientationPortrait UIInterfaceOrientationPortraitUpsideDown UIInterfaceOrientationLandscapeLeft UIInterfaceOrientationLandscapeRight";
				INFOPLIST_KEY_UISupportedInterfaceOrientations_iPhone = "UIInterfaceOrientationPortrait UIInterfaceOrientationLandscapeLeft UIInterfaceOrientationLandscapeRight";
				IPHONEOS_DEPLOYMENT_TARGET = 16.6;
				LD_RUNPATH_SEARCH_PATHS = (
					"$(inherited)",
					"@executable_path/Frameworks",
				);
				MARKETING_VERSION = 1.0;
				PRODUCT_BUNDLE_IDENTIFIER = "com.onflyer.TMDB-App";
				PRODUCT_NAME = "$(TARGET_NAME)";
				SWIFT_EMIT_LOC_STRINGS = YES;
				SWIFT_VERSION = 5.0;
				TARGETED_DEVICE_FAMILY = "1,2";
			};
			name = Release;
		};
/* End XCBuildConfiguration section */

/* Begin XCConfigurationList section */
		3B2C2A812BC86505009869EE /* Build configuration list for PBXNativeTarget "TMDB AppTests" */ = {
			isa = XCConfigurationList;
			buildConfigurations = (
				3B2C2A822BC86505009869EE /* Debug */,
				3B2C2A832BC86505009869EE /* Release */,
			);
			defaultConfigurationIsVisible = 0;
			defaultConfigurationName = Release;
		};
		3B87827F2AE4261C0098C228 /* Build configuration list for PBXProject "TMDB App" */ = {
			isa = XCConfigurationList;
			buildConfigurations = (
				3B8782902AE4261D0098C228 /* Debug */,
				3B8782912AE4261D0098C228 /* Release */,
			);
			defaultConfigurationIsVisible = 0;
			defaultConfigurationName = Release;
		};
		3B8782922AE4261D0098C228 /* Build configuration list for PBXNativeTarget "TMDB App" */ = {
			isa = XCConfigurationList;
			buildConfigurations = (
				3B8782932AE4261D0098C228 /* Debug */,
				3B8782942AE4261D0098C228 /* Release */,
			);
			defaultConfigurationIsVisible = 0;
			defaultConfigurationName = Release;
		};
/* End XCConfigurationList section */

/* Begin XCRemoteSwiftPackageReference section */
		3BF236D42BAB0701004E1D0E /* XCRemoteSwiftPackageReference "Swinject" */ = {
			isa = XCRemoteSwiftPackageReference;
			repositoryURL = "https://github.com/Swinject/Swinject";
			requirement = {
				kind = upToNextMajorVersion;
				minimumVersion = 2.8.4;
			};
		};
/* End XCRemoteSwiftPackageReference section */

/* Begin XCSwiftPackageProductDependency section */
		3BF236D52BAB0701004E1D0E /* Swinject */ = {
			isa = XCSwiftPackageProductDependency;
			package = 3BF236D42BAB0701004E1D0E /* XCRemoteSwiftPackageReference "Swinject" */;
			productName = Swinject;
		};
		3BF236D72BAB0701004E1D0E /* Swinject-Dynamic */ = {
			isa = XCSwiftPackageProductDependency;
			package = 3BF236D42BAB0701004E1D0E /* XCRemoteSwiftPackageReference "Swinject" */;
			productName = "Swinject-Dynamic";
		};
/* End XCSwiftPackageProductDependency section */

/* Begin XCVersionGroup section */
		3BDD15DE2BAF719A00F60554 /* TMDBAppDataModel.xcdatamodeld */ = {
			isa = XCVersionGroup;
			children = (
				3BDD15DF2BAF719A00F60554 /* TMDBAppDataModel.xcdatamodel */,
			);
			currentVersion = 3BDD15DF2BAF719A00F60554 /* TMDBAppDataModel.xcdatamodel */;
			path = TMDBAppDataModel.xcdatamodeld;
			sourceTree = "<group>";
			versionGroupType = wrapper.xcdatamodel;
		};
/* End XCVersionGroup section */
	};
	rootObject = 3B87827C2AE4261C0098C228 /* Project object */;
}
