// !$*UTF8*$!
{
	archiveVersion = 1;
	classes = {
	};
	objectVersion = 56;
	objects = {

/* Begin PBXBuildFile section */
		3B20E7BC2B0930A3001F373B /* NavigationEnvirnomentKey.swift in Sources */ = {isa = PBXBuildFile; fileRef = 3B20E7BB2B0930A3001F373B /* NavigationEnvirnomentKey.swift */; };
		3B26B8472B1C944300334385 /* TabViewNavigation.swift in Sources */ = {isa = PBXBuildFile; fileRef = 3B26B8462B1C944300334385 /* TabViewNavigation.swift */; };
		3B26B8492B1C953100334385 /* AppTabScreen.swift in Sources */ = {isa = PBXBuildFile; fileRef = 3B26B8482B1C953100334385 /* AppTabScreen.swift */; };
		3B26B84C2B1CF6E300334385 /* DelayAppereanceModifier.swift in Sources */ = {isa = PBXBuildFile; fileRef = 3B26B84B2B1CF6E300334385 /* DelayAppereanceModifier.swift */; };
		3B26B84E2B1D218D00334385 /* CustomAlert.swift in Sources */ = {isa = PBXBuildFile; fileRef = 3B26B84D2B1D218D00334385 /* CustomAlert.swift */; };
		3B4171A82B2327970093F7CE /* ShimmerEffectBox.swift in Sources */ = {isa = PBXBuildFile; fileRef = 3B4171A72B2327970093F7CE /* ShimmerEffectBox.swift */; };
		3B4171AA2B232A8D0093F7CE /* CarouselPosterProgressView.swift in Sources */ = {isa = PBXBuildFile; fileRef = 3B4171A92B232A8D0093F7CE /* CarouselPosterProgressView.swift */; };
		3B4171AC2B2334230093F7CE /* CarouselBackdropProgressView.swift in Sources */ = {isa = PBXBuildFile; fileRef = 3B4171AB2B2334230093F7CE /* CarouselBackdropProgressView.swift */; };
		3B5452C32B2DBCC300FA6F55 /* ImageRetriever.swift in Sources */ = {isa = PBXBuildFile; fileRef = 3B5452C22B2DBCC300FA6F55 /* ImageRetriever.swift */; };
		3B62919F2B0FF3C50010E395 /* MovieSearchRowView.swift in Sources */ = {isa = PBXBuildFile; fileRef = 3B62919E2B0FF3C50010E395 /* MovieSearchRowView.swift */; };
		3B6291A12B0FFC110010E395 /* MovieSearchListView.swift in Sources */ = {isa = PBXBuildFile; fileRef = 3B6291A02B0FFC110010E395 /* MovieSearchListView.swift */; };
		3B7109FD2B2DBF4B00A9395E /* ImageCache.swift in Sources */ = {isa = PBXBuildFile; fileRef = 3B7109FC2B2DBF4B00A9395E /* ImageCache.swift */; };
		3B7109FF2B2DC25F00A9395E /* CachedImageManager.swift in Sources */ = {isa = PBXBuildFile; fileRef = 3B7109FE2B2DC25F00A9395E /* CachedImageManager.swift */; };
		3B710A012B2DC36E00A9395E /* CachedImage.swift in Sources */ = {isa = PBXBuildFile; fileRef = 3B710A002B2DC36E00A9395E /* CachedImage.swift */; };
		3B710A052B2DCED600A9395E /* MovieThumbnailPosterView1.swift in Sources */ = {isa = PBXBuildFile; fileRef = 3B710A042B2DCED600A9395E /* MovieThumbnailPosterView1.swift */; };
		3B72EDE52AE97906000AB2BA /* Movie+Stubs.swift in Sources */ = {isa = PBXBuildFile; fileRef = 3B72EDE42AE97906000AB2BA /* Movie+Stubs.swift */; };
		3B8782882AE4261C0098C228 /* TMDB_App.swift in Sources */ = {isa = PBXBuildFile; fileRef = 3B8782872AE4261C0098C228 /* TMDB_App.swift */; };
		3B87828A2AE4261C0098C228 /* ContentView.swift in Sources */ = {isa = PBXBuildFile; fileRef = 3B8782892AE4261C0098C228 /* ContentView.swift */; };
		3B87828C2AE4261D0098C228 /* Assets.xcassets in Resources */ = {isa = PBXBuildFile; fileRef = 3B87828B2AE4261D0098C228 /* Assets.xcassets */; };
		3B87828F2AE4261D0098C228 /* Preview Assets.xcassets in Resources */ = {isa = PBXBuildFile; fileRef = 3B87828E2AE4261D0098C228 /* Preview Assets.xcassets */; };
		3B87829D2AE427230098C228 /* Endpoint.swift in Sources */ = {isa = PBXBuildFile; fileRef = 3B8782982AE427230098C228 /* Endpoint.swift */; };
		3B87829E2AE427230098C228 /* NetworkingError.swift in Sources */ = {isa = PBXBuildFile; fileRef = 3B8782992AE427230098C228 /* NetworkingError.swift */; };
		3B87829F2AE427230098C228 /* NetworkingService.swift in Sources */ = {isa = PBXBuildFile; fileRef = 3B87829A2AE427230098C228 /* NetworkingService.swift */; };
		3B8782A02AE427230098C228 /* ResourceLoader.swift in Sources */ = {isa = PBXBuildFile; fileRef = 3B87829B2AE427230098C228 /* ResourceLoader.swift */; };
		3B8782A12AE427230098C228 /* HTTPMethodHelper.swift in Sources */ = {isa = PBXBuildFile; fileRef = 3B87829C2AE427230098C228 /* HTTPMethodHelper.swift */; };
		3B8782A32AE427E70098C228 /* Constants.swift in Sources */ = {isa = PBXBuildFile; fileRef = 3B8782A22AE427E70098C228 /* Constants.swift */; };
		3B8782AC2AE42A780098C228 /* NowPlaying.json in Resources */ = {isa = PBXBuildFile; fileRef = 3B8782AB2AE42A780098C228 /* NowPlaying.json */; };
		3B8782AF2AE42BEC0098C228 /* MovieResponse.swift in Sources */ = {isa = PBXBuildFile; fileRef = 3B8782AE2AE42BEC0098C228 /* MovieResponse.swift */; };
		3B8782B32AE42F510098C228 /* ViewModel.swift in Sources */ = {isa = PBXBuildFile; fileRef = 3B8782B22AE42F510098C228 /* ViewModel.swift */; };
		3BA7E0C12B0BC5B800A13629 /* SingleMovieResponse.json in Resources */ = {isa = PBXBuildFile; fileRef = 3BA7E0C02B0BC5B800A13629 /* SingleMovieResponse.json */; };
		3BA7E0C32B0C068900A13629 /* MovieDescriptionSection.swift in Sources */ = {isa = PBXBuildFile; fileRef = 3BA7E0C22B0C068900A13629 /* MovieDescriptionSection.swift */; };
		3BA7E0C52B0C123100A13629 /* MovieCastSection.swift in Sources */ = {isa = PBXBuildFile; fileRef = 3BA7E0C42B0C123100A13629 /* MovieCastSection.swift */; };
		3BA7E0C72B0D1E7300A13629 /* MovieDetailScreen.swift in Sources */ = {isa = PBXBuildFile; fileRef = 3BA7E0C62B0D1E7300A13629 /* MovieDetailScreen.swift */; };
		3BDBC9E92B2353420056F7BE /* EmptyPlaceholderView.swift in Sources */ = {isa = PBXBuildFile; fileRef = 3BDBC9E82B2353410056F7BE /* EmptyPlaceholderView.swift */; };
		3BE55C372B0AB6730092360B /* MovieDetailImage.swift in Sources */ = {isa = PBXBuildFile; fileRef = 3BE55C362B0AB6730092360B /* MovieDetailImage.swift */; };
		3BE55C392B0AB85E0092360B /* MovieDetailTrailersSection.swift in Sources */ = {isa = PBXBuildFile; fileRef = 3BE55C382B0AB85E0092360B /* MovieDetailTrailersSection.swift */; };
		3BE55C3B2B0ABF830092360B /* SingleMovieResponse.swift in Sources */ = {isa = PBXBuildFile; fileRef = 3BE55C3A2B0ABF830092360B /* SingleMovieResponse.swift */; };
		3BEA10732B01738300DAD668 /* MovieThumbnailBackdropView.swift in Sources */ = {isa = PBXBuildFile; fileRef = 3BEA10722B01738300DAD668 /* MovieThumbnailBackdropView.swift */; };
		3BEA10932B054AEC00DAD668 /* MovieBackdropCarouselView.swift in Sources */ = {isa = PBXBuildFile; fileRef = 3BEA10922B054AEC00DAD668 /* MovieBackdropCarouselView.swift */; };
		3BF243CD2AEAA7A50068FA85 /* CachedAsyncImage.swift in Sources */ = {isa = PBXBuildFile; fileRef = 3BF243CC2AEAA7A50068FA85 /* CachedAsyncImage.swift */; };
		3BFFE6642AF97509007A8CAA /* MovieThumbnailPosterView.swift in Sources */ = {isa = PBXBuildFile; fileRef = 3BFFE6632AF97509007A8CAA /* MovieThumbnailPosterView.swift */; };
		3BFFE6662AF97998007A8CAA /* TabViewScreen.swift in Sources */ = {isa = PBXBuildFile; fileRef = 3BFFE6652AF97998007A8CAA /* TabViewScreen.swift */; };
		3BFFE66C2AF979DD007A8CAA /* MovieHomeScreen.swift in Sources */ = {isa = PBXBuildFile; fileRef = 3BFFE66B2AF979DD007A8CAA /* MovieHomeScreen.swift */; };
		3BFFE66E2AF979FD007A8CAA /* MovieSearchScreen.swift in Sources */ = {isa = PBXBuildFile; fileRef = 3BFFE66D2AF979FD007A8CAA /* MovieSearchScreen.swift */; };
		3BFFE6702AF97E04007A8CAA /* MoviePosterCarouselView.swift in Sources */ = {isa = PBXBuildFile; fileRef = 3BFFE66F2AF97E04007A8CAA /* MoviePosterCarouselView.swift */; };
/* End PBXBuildFile section */

/* Begin PBXFileReference section */
		3B20E7BB2B0930A3001F373B /* NavigationEnvirnomentKey.swift */ = {isa = PBXFileReference; lastKnownFileType = sourcecode.swift; path = NavigationEnvirnomentKey.swift; sourceTree = "<group>"; };
		3B26B8462B1C944300334385 /* TabViewNavigation.swift */ = {isa = PBXFileReference; lastKnownFileType = sourcecode.swift; path = TabViewNavigation.swift; sourceTree = "<group>"; };
		3B26B8482B1C953100334385 /* AppTabScreen.swift */ = {isa = PBXFileReference; lastKnownFileType = sourcecode.swift; path = AppTabScreen.swift; sourceTree = "<group>"; };
		3B26B84B2B1CF6E300334385 /* DelayAppereanceModifier.swift */ = {isa = PBXFileReference; lastKnownFileType = sourcecode.swift; path = DelayAppereanceModifier.swift; sourceTree = "<group>"; };
		3B26B84D2B1D218D00334385 /* CustomAlert.swift */ = {isa = PBXFileReference; lastKnownFileType = sourcecode.swift; path = CustomAlert.swift; sourceTree = "<group>"; };
		3B4171A72B2327970093F7CE /* ShimmerEffectBox.swift */ = {isa = PBXFileReference; fileEncoding = 4; lastKnownFileType = sourcecode.swift; path = ShimmerEffectBox.swift; sourceTree = "<group>"; };
		3B4171A92B232A8D0093F7CE /* CarouselPosterProgressView.swift */ = {isa = PBXFileReference; lastKnownFileType = sourcecode.swift; path = CarouselPosterProgressView.swift; sourceTree = "<group>"; };
		3B4171AB2B2334230093F7CE /* CarouselBackdropProgressView.swift */ = {isa = PBXFileReference; lastKnownFileType = sourcecode.swift; path = CarouselBackdropProgressView.swift; sourceTree = "<group>"; };
		3B5452C22B2DBCC300FA6F55 /* ImageRetriever.swift */ = {isa = PBXFileReference; lastKnownFileType = sourcecode.swift; path = ImageRetriever.swift; sourceTree = "<group>"; };
		3B62919E2B0FF3C50010E395 /* MovieSearchRowView.swift */ = {isa = PBXFileReference; lastKnownFileType = sourcecode.swift; path = MovieSearchRowView.swift; sourceTree = "<group>"; };
		3B6291A02B0FFC110010E395 /* MovieSearchListView.swift */ = {isa = PBXFileReference; lastKnownFileType = sourcecode.swift; path = MovieSearchListView.swift; sourceTree = "<group>"; };
		3B7109FC2B2DBF4B00A9395E /* ImageCache.swift */ = {isa = PBXFileReference; lastKnownFileType = sourcecode.swift; path = ImageCache.swift; sourceTree = "<group>"; };
		3B7109FE2B2DC25F00A9395E /* CachedImageManager.swift */ = {isa = PBXFileReference; lastKnownFileType = sourcecode.swift; path = CachedImageManager.swift; sourceTree = "<group>"; };
		3B710A002B2DC36E00A9395E /* CachedImage.swift */ = {isa = PBXFileReference; lastKnownFileType = sourcecode.swift; path = CachedImage.swift; sourceTree = "<group>"; };
		3B710A042B2DCED600A9395E /* MovieThumbnailPosterView1.swift */ = {isa = PBXFileReference; lastKnownFileType = sourcecode.swift; path = MovieThumbnailPosterView1.swift; sourceTree = "<group>"; };
		3B72EDE42AE97906000AB2BA /* Movie+Stubs.swift */ = {isa = PBXFileReference; fileEncoding = 4; lastKnownFileType = sourcecode.swift; path = "Movie+Stubs.swift"; sourceTree = "<group>"; };
		3B8782842AE4261C0098C228 /* TMDB App.app */ = {isa = PBXFileReference; explicitFileType = wrapper.application; includeInIndex = 0; path = "TMDB App.app"; sourceTree = BUILT_PRODUCTS_DIR; };
		3B8782872AE4261C0098C228 /* TMDB_App.swift */ = {isa = PBXFileReference; lastKnownFileType = sourcecode.swift; path = TMDB_App.swift; sourceTree = "<group>"; };
		3B8782892AE4261C0098C228 /* ContentView.swift */ = {isa = PBXFileReference; lastKnownFileType = sourcecode.swift; path = ContentView.swift; sourceTree = "<group>"; };
		3B87828B2AE4261D0098C228 /* Assets.xcassets */ = {isa = PBXFileReference; lastKnownFileType = folder.assetcatalog; path = Assets.xcassets; sourceTree = "<group>"; };
		3B87828E2AE4261D0098C228 /* Preview Assets.xcassets */ = {isa = PBXFileReference; lastKnownFileType = folder.assetcatalog; path = "Preview Assets.xcassets"; sourceTree = "<group>"; };
		3B8782982AE427230098C228 /* Endpoint.swift */ = {isa = PBXFileReference; fileEncoding = 4; lastKnownFileType = sourcecode.swift; path = Endpoint.swift; sourceTree = "<group>"; };
		3B8782992AE427230098C228 /* NetworkingError.swift */ = {isa = PBXFileReference; fileEncoding = 4; lastKnownFileType = sourcecode.swift; path = NetworkingError.swift; sourceTree = "<group>"; };
		3B87829A2AE427230098C228 /* NetworkingService.swift */ = {isa = PBXFileReference; fileEncoding = 4; lastKnownFileType = sourcecode.swift; path = NetworkingService.swift; sourceTree = "<group>"; };
		3B87829B2AE427230098C228 /* ResourceLoader.swift */ = {isa = PBXFileReference; fileEncoding = 4; lastKnownFileType = sourcecode.swift; path = ResourceLoader.swift; sourceTree = "<group>"; };
		3B87829C2AE427230098C228 /* HTTPMethodHelper.swift */ = {isa = PBXFileReference; fileEncoding = 4; lastKnownFileType = sourcecode.swift; path = HTTPMethodHelper.swift; sourceTree = "<group>"; };
		3B8782A22AE427E70098C228 /* Constants.swift */ = {isa = PBXFileReference; fileEncoding = 4; lastKnownFileType = sourcecode.swift; path = Constants.swift; sourceTree = "<group>"; };
		3B8782AB2AE42A780098C228 /* NowPlaying.json */ = {isa = PBXFileReference; lastKnownFileType = text.json; path = NowPlaying.json; sourceTree = "<group>"; };
		3B8782AE2AE42BEC0098C228 /* MovieResponse.swift */ = {isa = PBXFileReference; lastKnownFileType = sourcecode.swift; path = MovieResponse.swift; sourceTree = "<group>"; };
		3B8782B22AE42F510098C228 /* ViewModel.swift */ = {isa = PBXFileReference; fileEncoding = 4; lastKnownFileType = sourcecode.swift; path = ViewModel.swift; sourceTree = "<group>"; };
		3BA7E0C02B0BC5B800A13629 /* SingleMovieResponse.json */ = {isa = PBXFileReference; lastKnownFileType = text.json; path = SingleMovieResponse.json; sourceTree = "<group>"; };
		3BA7E0C22B0C068900A13629 /* MovieDescriptionSection.swift */ = {isa = PBXFileReference; lastKnownFileType = sourcecode.swift; path = MovieDescriptionSection.swift; sourceTree = "<group>"; };
		3BA7E0C42B0C123100A13629 /* MovieCastSection.swift */ = {isa = PBXFileReference; lastKnownFileType = sourcecode.swift; path = MovieCastSection.swift; sourceTree = "<group>"; };
		3BA7E0C62B0D1E7300A13629 /* MovieDetailScreen.swift */ = {isa = PBXFileReference; lastKnownFileType = sourcecode.swift; path = MovieDetailScreen.swift; sourceTree = "<group>"; };
		3BDBC9E82B2353410056F7BE /* EmptyPlaceholderView.swift */ = {isa = PBXFileReference; lastKnownFileType = sourcecode.swift; path = EmptyPlaceholderView.swift; sourceTree = "<group>"; };
		3BE55C362B0AB6730092360B /* MovieDetailImage.swift */ = {isa = PBXFileReference; lastKnownFileType = sourcecode.swift; path = MovieDetailImage.swift; sourceTree = "<group>"; };
		3BE55C382B0AB85E0092360B /* MovieDetailTrailersSection.swift */ = {isa = PBXFileReference; lastKnownFileType = sourcecode.swift; path = MovieDetailTrailersSection.swift; sourceTree = "<group>"; };
		3BE55C3A2B0ABF830092360B /* SingleMovieResponse.swift */ = {isa = PBXFileReference; lastKnownFileType = sourcecode.swift; path = SingleMovieResponse.swift; sourceTree = "<group>"; };
		3BEA10722B01738300DAD668 /* MovieThumbnailBackdropView.swift */ = {isa = PBXFileReference; lastKnownFileType = sourcecode.swift; path = MovieThumbnailBackdropView.swift; sourceTree = "<group>"; };
		3BEA10922B054AEC00DAD668 /* MovieBackdropCarouselView.swift */ = {isa = PBXFileReference; lastKnownFileType = sourcecode.swift; path = MovieBackdropCarouselView.swift; sourceTree = "<group>"; };
		3BF243CC2AEAA7A50068FA85 /* CachedAsyncImage.swift */ = {isa = PBXFileReference; lastKnownFileType = sourcecode.swift; path = CachedAsyncImage.swift; sourceTree = "<group>"; };
		3BFFE6632AF97509007A8CAA /* MovieThumbnailPosterView.swift */ = {isa = PBXFileReference; lastKnownFileType = sourcecode.swift; path = MovieThumbnailPosterView.swift; sourceTree = "<group>"; };
		3BFFE6652AF97998007A8CAA /* TabViewScreen.swift */ = {isa = PBXFileReference; fileEncoding = 4; lastKnownFileType = sourcecode.swift; path = TabViewScreen.swift; sourceTree = "<group>"; };
		3BFFE66B2AF979DD007A8CAA /* MovieHomeScreen.swift */ = {isa = PBXFileReference; lastKnownFileType = sourcecode.swift; path = MovieHomeScreen.swift; sourceTree = "<group>"; };
		3BFFE66D2AF979FD007A8CAA /* MovieSearchScreen.swift */ = {isa = PBXFileReference; lastKnownFileType = sourcecode.swift; path = MovieSearchScreen.swift; sourceTree = "<group>"; };
		3BFFE66F2AF97E04007A8CAA /* MoviePosterCarouselView.swift */ = {isa = PBXFileReference; lastKnownFileType = sourcecode.swift; path = MoviePosterCarouselView.swift; sourceTree = "<group>"; };
/* End PBXFileReference section */

/* Begin PBXFrameworksBuildPhase section */
		3B8782812AE4261C0098C228 /* Frameworks */ = {
			isa = PBXFrameworksBuildPhase;
			buildActionMask = 2147483647;
			files = (
			);
			runOnlyForDeploymentPostprocessing = 0;
		};
/* End PBXFrameworksBuildPhase section */

/* Begin PBXGroup section */
		3B7109FB2B2DBF3600A9395E /* Cache */ = {
			isa = PBXGroup;
			children = (
				3B5452C22B2DBCC300FA6F55 /* ImageRetriever.swift */,
				3B7109FC2B2DBF4B00A9395E /* ImageCache.swift */,
				3B7109FE2B2DC25F00A9395E /* CachedImageManager.swift */,
			);
			path = Cache;
			sourceTree = "<group>";
		};
		3B710A022B2DCEAC00A9395E /* MV Views */ = {
			isa = PBXGroup;
			children = (
			);
			path = "MV Views";
			sourceTree = "<group>";
		};
		3B710A032B2DCEB200A9395E /* MVVM Views */ = {
			isa = PBXGroup;
			children = (
				3B710A042B2DCED600A9395E /* MovieThumbnailPosterView1.swift */,
			);
			path = "MVVM Views";
			sourceTree = "<group>";
		};
		3B72EDE82AE9AAB7000AB2BA /* Utilities */ = {
			isa = PBXGroup;
			children = (
				3BF243CC2AEAA7A50068FA85 /* CachedAsyncImage.swift */,
				3B26B8462B1C944300334385 /* TabViewNavigation.swift */,
				3B20E7BB2B0930A3001F373B /* NavigationEnvirnomentKey.swift */,
				3B26B84B2B1CF6E300334385 /* DelayAppereanceModifier.swift */,
				3B26B84D2B1D218D00334385 /* CustomAlert.swift */,
				3B4171A72B2327970093F7CE /* ShimmerEffectBox.swift */,
				3B710A002B2DC36E00A9395E /* CachedImage.swift */,
			);
			path = Utilities;
			sourceTree = "<group>";
		};
		3B87827B2AE4261C0098C228 = {
			isa = PBXGroup;
			children = (
				3B8782A82AE4291D0098C228 /* TMDB App */,
				3B8782852AE4261C0098C228 /* Products */,
			);
			sourceTree = "<group>";
		};
		3B8782852AE4261C0098C228 /* Products */ = {
			isa = PBXGroup;
			children = (
				3B8782842AE4261C0098C228 /* TMDB App.app */,
			);
			name = Products;
			sourceTree = "<group>";
		};
		3B87828D2AE4261D0098C228 /* Preview Content */ = {
			isa = PBXGroup;
			children = (
				3B8782AA2AE42A490098C228 /* JSON Files */,
				3B87828E2AE4261D0098C228 /* Preview Assets.xcassets */,
				3B87828B2AE4261D0098C228 /* Assets.xcassets */,
			);
			path = "Preview Content";
			sourceTree = "<group>";
		};
		3B8782952AE4264D0098C228 /* HTTP Client */ = {
			isa = PBXGroup;
			children = (
				3B87829C2AE427230098C228 /* HTTPMethodHelper.swift */,
				3B8782992AE427230098C228 /* NetworkingError.swift */,
				3B87829B2AE427230098C228 /* ResourceLoader.swift */,
				3B87829A2AE427230098C228 /* NetworkingService.swift */,
				3B8782982AE427230098C228 /* Endpoint.swift */,
				3B8782A22AE427E70098C228 /* Constants.swift */,
				3B7109FB2B2DBF3600A9395E /* Cache */,
			);
			path = "HTTP Client";
			sourceTree = "<group>";
		};
		3B8782A52AE428530098C228 /* Screens */ = {
			isa = PBXGroup;
			children = (
				3B26B8482B1C953100334385 /* AppTabScreen.swift */,
				3BFFE6652AF97998007A8CAA /* TabViewScreen.swift */,
				3B8782892AE4261C0098C228 /* ContentView.swift */,
				3BFFE66B2AF979DD007A8CAA /* MovieHomeScreen.swift */,
				3BFFE66D2AF979FD007A8CAA /* MovieSearchScreen.swift */,
				3BA7E0C62B0D1E7300A13629 /* MovieDetailScreen.swift */,
			);
			path = Screens;
			sourceTree = "<group>";
		};
		3B8782A62AE428590098C228 /* Views */ = {
			isa = PBXGroup;
			children = (
				3B710A032B2DCEB200A9395E /* MVVM Views */,
				3B710A022B2DCEAC00A9395E /* MV Views */,
				3B4171A92B232A8D0093F7CE /* CarouselPosterProgressView.swift */,
				3B4171AB2B2334230093F7CE /* CarouselBackdropProgressView.swift */,
				3BDBC9E82B2353410056F7BE /* EmptyPlaceholderView.swift */,
				3BFFE6632AF97509007A8CAA /* MovieThumbnailPosterView.swift */,
				3BFFE66F2AF97E04007A8CAA /* MoviePosterCarouselView.swift */,
				3BEA10722B01738300DAD668 /* MovieThumbnailBackdropView.swift */,
				3BEA10922B054AEC00DAD668 /* MovieBackdropCarouselView.swift */,
				3BE55C362B0AB6730092360B /* MovieDetailImage.swift */,
				3BE55C382B0AB85E0092360B /* MovieDetailTrailersSection.swift */,
				3BA7E0C22B0C068900A13629 /* MovieDescriptionSection.swift */,
				3BA7E0C42B0C123100A13629 /* MovieCastSection.swift */,
				3B62919E2B0FF3C50010E395 /* MovieSearchRowView.swift */,
				3B6291A02B0FFC110010E395 /* MovieSearchListView.swift */,
			);
			path = Views;
			sourceTree = "<group>";
		};
		3B8782A82AE4291D0098C228 /* TMDB App */ = {
			isa = PBXGroup;
			children = (
				3B8782B02AE42E140098C228 /* App */,
				3B8782872AE4261C0098C228 /* TMDB_App.swift */,
				3B8782952AE4264D0098C228 /* HTTP Client */,
				3B72EDE82AE9AAB7000AB2BA /* Utilities */,
				3B8782B12AE42F330098C228 /* Agregate Model */,
				3B8782A52AE428530098C228 /* Screens */,
				3B8782A62AE428590098C228 /* Views */,
				3B8782AD2AE42BCE0098C228 /* Models */,
				3B87828D2AE4261D0098C228 /* Preview Content */,
			);
			path = "TMDB App";
			sourceTree = "<group>";
		};
		3B8782AA2AE42A490098C228 /* JSON Files */ = {
			isa = PBXGroup;
			children = (
				3B8782AB2AE42A780098C228 /* NowPlaying.json */,
				3BA7E0C02B0BC5B800A13629 /* SingleMovieResponse.json */,
			);
			path = "JSON Files";
			sourceTree = "<group>";
		};
		3B8782AD2AE42BCE0098C228 /* Models */ = {
			isa = PBXGroup;
			children = (
				3B8782AE2AE42BEC0098C228 /* MovieResponse.swift */,
				3B72EDE42AE97906000AB2BA /* Movie+Stubs.swift */,
				3BE55C3A2B0ABF830092360B /* SingleMovieResponse.swift */,
			);
			path = Models;
			sourceTree = "<group>";
		};
		3B8782B02AE42E140098C228 /* App */ = {
			isa = PBXGroup;
			children = (
			);
			path = App;
			sourceTree = "<group>";
		};
		3B8782B12AE42F330098C228 /* Agregate Model */ = {
			isa = PBXGroup;
			children = (
				3B8782B22AE42F510098C228 /* ViewModel.swift */,
			);
			path = "Agregate Model";
			sourceTree = "<group>";
		};
/* End PBXGroup section */

/* Begin PBXNativeTarget section */
		3B8782832AE4261C0098C228 /* TMDB App */ = {
			isa = PBXNativeTarget;
			buildConfigurationList = 3B8782922AE4261D0098C228 /* Build configuration list for PBXNativeTarget "TMDB App" */;
			buildPhases = (
				3B8782802AE4261C0098C228 /* Sources */,
				3B8782812AE4261C0098C228 /* Frameworks */,
				3B8782822AE4261C0098C228 /* Resources */,
			);
			buildRules = (
			);
			dependencies = (
			);
			name = "TMDB App";
			productName = "TMDB App";
			productReference = 3B8782842AE4261C0098C228 /* TMDB App.app */;
			productType = "com.apple.product-type.application";
		};
/* End PBXNativeTarget section */

/* Begin PBXProject section */
		3B87827C2AE4261C0098C228 /* Project object */ = {
			isa = PBXProject;
			attributes = {
				BuildIndependentTargetsInParallel = 1;
				LastSwiftUpdateCheck = 1500;
				LastUpgradeCheck = 1500;
				TargetAttributes = {
					3B8782832AE4261C0098C228 = {
						CreatedOnToolsVersion = 15.0.1;
					};
				};
			};
			buildConfigurationList = 3B87827F2AE4261C0098C228 /* Build configuration list for PBXProject "TMDB App" */;
			compatibilityVersion = "Xcode 14.0";
			developmentRegion = en;
			hasScannedForEncodings = 0;
			knownRegions = (
				en,
				Base,
			);
			mainGroup = 3B87827B2AE4261C0098C228;
			productRefGroup = 3B8782852AE4261C0098C228 /* Products */;
			projectDirPath = "";
			projectRoot = "";
			targets = (
				3B8782832AE4261C0098C228 /* TMDB App */,
			);
		};
/* End PBXProject section */

/* Begin PBXResourcesBuildPhase section */
		3B8782822AE4261C0098C228 /* Resources */ = {
			isa = PBXResourcesBuildPhase;
			buildActionMask = 2147483647;
			files = (
				3B8782AC2AE42A780098C228 /* NowPlaying.json in Resources */,
				3BA7E0C12B0BC5B800A13629 /* SingleMovieResponse.json in Resources */,
				3B87828F2AE4261D0098C228 /* Preview Assets.xcassets in Resources */,
				3B87828C2AE4261D0098C228 /* Assets.xcassets in Resources */,
			);
			runOnlyForDeploymentPostprocessing = 0;
		};
/* End PBXResourcesBuildPhase section */

/* Begin PBXSourcesBuildPhase section */
		3B8782802AE4261C0098C228 /* Sources */ = {
			isa = PBXSourcesBuildPhase;
			buildActionMask = 2147483647;
			files = (
				3BE55C3B2B0ABF830092360B /* SingleMovieResponse.swift in Sources */,
				3B8782B32AE42F510098C228 /* ViewModel.swift in Sources */,
				3BDBC9E92B2353420056F7BE /* EmptyPlaceholderView.swift in Sources */,
				3BF243CD2AEAA7A50068FA85 /* CachedAsyncImage.swift in Sources */,
				3B4171AA2B232A8D0093F7CE /* CarouselPosterProgressView.swift in Sources */,
				3BFFE6662AF97998007A8CAA /* TabViewScreen.swift in Sources */,
				3B87828A2AE4261C0098C228 /* ContentView.swift in Sources */,
				3B8782A12AE427230098C228 /* HTTPMethodHelper.swift in Sources */,
				3B87829D2AE427230098C228 /* Endpoint.swift in Sources */,
				3B62919F2B0FF3C50010E395 /* MovieSearchRowView.swift in Sources */,
				3BE55C392B0AB85E0092360B /* MovieDetailTrailersSection.swift in Sources */,
				3B6291A12B0FFC110010E395 /* MovieSearchListView.swift in Sources */,
				3BFFE6642AF97509007A8CAA /* MovieThumbnailPosterView.swift in Sources */,
				3B7109FF2B2DC25F00A9395E /* CachedImageManager.swift in Sources */,
				3B72EDE52AE97906000AB2BA /* Movie+Stubs.swift in Sources */,
				3BA7E0C52B0C123100A13629 /* MovieCastSection.swift in Sources */,
				3BFFE66E2AF979FD007A8CAA /* MovieSearchScreen.swift in Sources */,
				3B87829F2AE427230098C228 /* NetworkingService.swift in Sources */,
				3BEA10732B01738300DAD668 /* MovieThumbnailBackdropView.swift in Sources */,
				3B20E7BC2B0930A3001F373B /* NavigationEnvirnomentKey.swift in Sources */,
				3B26B84C2B1CF6E300334385 /* DelayAppereanceModifier.swift in Sources */,
				3B4171AC2B2334230093F7CE /* CarouselBackdropProgressView.swift in Sources */,
				3BFFE66C2AF979DD007A8CAA /* MovieHomeScreen.swift in Sources */,
				3B8782882AE4261C0098C228 /* TMDB_App.swift in Sources */,
				3B87829E2AE427230098C228 /* NetworkingError.swift in Sources */,
				3BFFE6702AF97E04007A8CAA /* MoviePosterCarouselView.swift in Sources */,
				3B5452C32B2DBCC300FA6F55 /* ImageRetriever.swift in Sources */,
				3B8782AF2AE42BEC0098C228 /* MovieResponse.swift in Sources */,
				3B8782A02AE427230098C228 /* ResourceLoader.swift in Sources */,
				3B7109FD2B2DBF4B00A9395E /* ImageCache.swift in Sources */,
				3BEA10932B054AEC00DAD668 /* MovieBackdropCarouselView.swift in Sources */,
				3B710A012B2DC36E00A9395E /* CachedImage.swift in Sources */,
				3B26B8492B1C953100334385 /* AppTabScreen.swift in Sources */,
				3BE55C372B0AB6730092360B /* MovieDetailImage.swift in Sources */,
				3BA7E0C72B0D1E7300A13629 /* MovieDetailScreen.swift in Sources */,
				3BA7E0C32B0C068900A13629 /* MovieDescriptionSection.swift in Sources */,
				3B26B8472B1C944300334385 /* TabViewNavigation.swift in Sources */,
				3B8782A32AE427E70098C228 /* Constants.swift in Sources */,
				3B26B84E2B1D218D00334385 /* CustomAlert.swift in Sources */,
				3B710A052B2DCED600A9395E /* MovieThumbnailPosterView1.swift in Sources */,
				3B4171A82B2327970093F7CE /* ShimmerEffectBox.swift in Sources */,
			);
			runOnlyForDeploymentPostprocessing = 0;
		};
/* End PBXSourcesBuildPhase section */

/* Begin XCBuildConfiguration section */
		3B8782902AE4261D0098C228 /* Debug */ = {
			isa = XCBuildConfiguration;
			buildSettings = {
				ALWAYS_SEARCH_USER_PATHS = NO;
				ASSETCATALOG_COMPILER_GENERATE_SWIFT_ASSET_SYMBOL_EXTENSIONS = YES;
				CLANG_ANALYZER_NONNULL = YES;
				CLANG_ANALYZER_NUMBER_OBJECT_CONVERSION = YES_AGGRESSIVE;
				CLANG_CXX_LANGUAGE_STANDARD = "gnu++20";
				CLANG_ENABLE_MODULES = YES;
				CLANG_ENABLE_OBJC_ARC = YES;
				CLANG_ENABLE_OBJC_WEAK = YES;
				CLANG_WARN_BLOCK_CAPTURE_AUTORELEASING = YES;
				CLANG_WARN_BOOL_CONVERSION = YES;
				CLANG_WARN_COMMA = YES;
				CLANG_WARN_CONSTANT_CONVERSION = YES;
				CLANG_WARN_DEPRECATED_OBJC_IMPLEMENTATIONS = YES;
				CLANG_WARN_DIRECT_OBJC_ISA_USAGE = YES_ERROR;
				CLANG_WARN_DOCUMENTATION_COMMENTS = YES;
				CLANG_WARN_EMPTY_BODY = YES;
				CLANG_WARN_ENUM_CONVERSION = YES;
				CLANG_WARN_INFINITE_RECURSION = YES;
				CLANG_WARN_INT_CONVERSION = YES;
				CLANG_WARN_NON_LITERAL_NULL_CONVERSION = YES;
				CLANG_WARN_OBJC_IMPLICIT_RETAIN_SELF = YES;
				CLANG_WARN_OBJC_LITERAL_CONVERSION = YES;
				CLANG_WARN_OBJC_ROOT_CLASS = YES_ERROR;
				CLANG_WARN_QUOTED_INCLUDE_IN_FRAMEWORK_HEADER = YES;
				CLANG_WARN_RANGE_LOOP_ANALYSIS = YES;
				CLANG_WARN_STRICT_PROTOTYPES = YES;
				CLANG_WARN_SUSPICIOUS_MOVE = YES;
				CLANG_WARN_UNGUARDED_AVAILABILITY = YES_AGGRESSIVE;
				CLANG_WARN_UNREACHABLE_CODE = YES;
				CLANG_WARN__DUPLICATE_METHOD_MATCH = YES;
				COPY_PHASE_STRIP = NO;
				DEBUG_INFORMATION_FORMAT = dwarf;
				ENABLE_STRICT_OBJC_MSGSEND = YES;
				ENABLE_TESTABILITY = YES;
				ENABLE_USER_SCRIPT_SANDBOXING = YES;
				GCC_C_LANGUAGE_STANDARD = gnu17;
				GCC_DYNAMIC_NO_PIC = NO;
				GCC_NO_COMMON_BLOCKS = YES;
				GCC_OPTIMIZATION_LEVEL = 0;
				GCC_PREPROCESSOR_DEFINITIONS = (
					"DEBUG=1",
					"$(inherited)",
				);
				GCC_WARN_64_TO_32_BIT_CONVERSION = YES;
				GCC_WARN_ABOUT_RETURN_TYPE = YES_ERROR;
				GCC_WARN_UNDECLARED_SELECTOR = YES;
				GCC_WARN_UNINITIALIZED_AUTOS = YES_AGGRESSIVE;
				GCC_WARN_UNUSED_FUNCTION = YES;
				GCC_WARN_UNUSED_VARIABLE = YES;
				IPHONEOS_DEPLOYMENT_TARGET = 17.0;
				LOCALIZATION_PREFERS_STRING_CATALOGS = YES;
				MTL_ENABLE_DEBUG_INFO = INCLUDE_SOURCE;
				MTL_FAST_MATH = YES;
				ONLY_ACTIVE_ARCH = YES;
				SDKROOT = iphoneos;
				SWIFT_ACTIVE_COMPILATION_CONDITIONS = "DEBUG $(inherited)";
				SWIFT_OPTIMIZATION_LEVEL = "-Onone";
			};
			name = Debug;
		};
		3B8782912AE4261D0098C228 /* Release */ = {
			isa = XCBuildConfiguration;
			buildSettings = {
				ALWAYS_SEARCH_USER_PATHS = NO;
				ASSETCATALOG_COMPILER_GENERATE_SWIFT_ASSET_SYMBOL_EXTENSIONS = YES;
				CLANG_ANALYZER_NONNULL = YES;
				CLANG_ANALYZER_NUMBER_OBJECT_CONVERSION = YES_AGGRESSIVE;
				CLANG_CXX_LANGUAGE_STANDARD = "gnu++20";
				CLANG_ENABLE_MODULES = YES;
				CLANG_ENABLE_OBJC_ARC = YES;
				CLANG_ENABLE_OBJC_WEAK = YES;
				CLANG_WARN_BLOCK_CAPTURE_AUTORELEASING = YES;
				CLANG_WARN_BOOL_CONVERSION = YES;
				CLANG_WARN_COMMA = YES;
				CLANG_WARN_CONSTANT_CONVERSION = YES;
				CLANG_WARN_DEPRECATED_OBJC_IMPLEMENTATIONS = YES;
				CLANG_WARN_DIRECT_OBJC_ISA_USAGE = YES_ERROR;
				CLANG_WARN_DOCUMENTATION_COMMENTS = YES;
				CLANG_WARN_EMPTY_BODY = YES;
				CLANG_WARN_ENUM_CONVERSION = YES;
				CLANG_WARN_INFINITE_RECURSION = YES;
				CLANG_WARN_INT_CONVERSION = YES;
				CLANG_WARN_NON_LITERAL_NULL_CONVERSION = YES;
				CLANG_WARN_OBJC_IMPLICIT_RETAIN_SELF = YES;
				CLANG_WARN_OBJC_LITERAL_CONVERSION = YES;
				CLANG_WARN_OBJC_ROOT_CLASS = YES_ERROR;
				CLANG_WARN_QUOTED_INCLUDE_IN_FRAMEWORK_HEADER = YES;
				CLANG_WARN_RANGE_LOOP_ANALYSIS = YES;
				CLANG_WARN_STRICT_PROTOTYPES = YES;
				CLANG_WARN_SUSPICIOUS_MOVE = YES;
				CLANG_WARN_UNGUARDED_AVAILABILITY = YES_AGGRESSIVE;
				CLANG_WARN_UNREACHABLE_CODE = YES;
				CLANG_WARN__DUPLICATE_METHOD_MATCH = YES;
				COPY_PHASE_STRIP = NO;
				DEBUG_INFORMATION_FORMAT = "dwarf-with-dsym";
				ENABLE_NS_ASSERTIONS = NO;
				ENABLE_STRICT_OBJC_MSGSEND = YES;
				ENABLE_USER_SCRIPT_SANDBOXING = YES;
				GCC_C_LANGUAGE_STANDARD = gnu17;
				GCC_NO_COMMON_BLOCKS = YES;
				GCC_WARN_64_TO_32_BIT_CONVERSION = YES;
				GCC_WARN_ABOUT_RETURN_TYPE = YES_ERROR;
				GCC_WARN_UNDECLARED_SELECTOR = YES;
				GCC_WARN_UNINITIALIZED_AUTOS = YES_AGGRESSIVE;
				GCC_WARN_UNUSED_FUNCTION = YES;
				GCC_WARN_UNUSED_VARIABLE = YES;
				IPHONEOS_DEPLOYMENT_TARGET = 17.0;
				LOCALIZATION_PREFERS_STRING_CATALOGS = YES;
				MTL_ENABLE_DEBUG_INFO = NO;
				MTL_FAST_MATH = YES;
				SDKROOT = iphoneos;
				SWIFT_COMPILATION_MODE = wholemodule;
				VALIDATE_PRODUCT = YES;
			};
			name = Release;
		};
		3B8782932AE4261D0098C228 /* Debug */ = {
			isa = XCBuildConfiguration;
			buildSettings = {
				ASSETCATALOG_COMPILER_APPICON_NAME = AppIcon;
				ASSETCATALOG_COMPILER_GLOBAL_ACCENT_COLOR_NAME = AccentColor;
				CODE_SIGN_STYLE = Automatic;
				CURRENT_PROJECT_VERSION = 1;
				DEVELOPMENT_ASSET_PATHS = "\"TMDB App/Preview Content\"";
				DEVELOPMENT_TEAM = FQWAP959Y3;
				ENABLE_PREVIEWS = YES;
				GENERATE_INFOPLIST_FILE = YES;
				INFOPLIST_KEY_UIApplicationSceneManifest_Generation = YES;
				INFOPLIST_KEY_UIApplicationSupportsIndirectInputEvents = YES;
				INFOPLIST_KEY_UILaunchScreen_Generation = YES;
				INFOPLIST_KEY_UISupportedInterfaceOrientations_iPad = "UIInterfaceOrientationPortrait UIInterfaceOrientationPortraitUpsideDown UIInterfaceOrientationLandscapeLeft UIInterfaceOrientationLandscapeRight";
				INFOPLIST_KEY_UISupportedInterfaceOrientations_iPhone = "UIInterfaceOrientationPortrait UIInterfaceOrientationLandscapeLeft UIInterfaceOrientationLandscapeRight";
				IPHONEOS_DEPLOYMENT_TARGET = 16.6;
				LD_RUNPATH_SEARCH_PATHS = (
					"$(inherited)",
					"@executable_path/Frameworks",
				);
				MARKETING_VERSION = 1.0;
				PRODUCT_BUNDLE_IDENTIFIER = "com.onflyer.TMDB-App";
				PRODUCT_NAME = "$(TARGET_NAME)";
				SWIFT_EMIT_LOC_STRINGS = YES;
				SWIFT_VERSION = 5.0;
				TARGETED_DEVICE_FAMILY = "1,2";
			};
			name = Debug;
		};
		3B8782942AE4261D0098C228 /* Release */ = {
			isa = XCBuildConfiguration;
			buildSettings = {
				ASSETCATALOG_COMPILER_APPICON_NAME = AppIcon;
				ASSETCATALOG_COMPILER_GLOBAL_ACCENT_COLOR_NAME = AccentColor;
				CODE_SIGN_STYLE = Automatic;
				CURRENT_PROJECT_VERSION = 1;
				DEVELOPMENT_ASSET_PATHS = "\"TMDB App/Preview Content\"";
				DEVELOPMENT_TEAM = FQWAP959Y3;
				ENABLE_PREVIEWS = YES;
				GENERATE_INFOPLIST_FILE = YES;
				INFOPLIST_KEY_UIApplicationSceneManifest_Generation = YES;
				INFOPLIST_KEY_UIApplicationSupportsIndirectInputEvents = YES;
				INFOPLIST_KEY_UILaunchScreen_Generation = YES;
				INFOPLIST_KEY_UISupportedInterfaceOrientations_iPad = "UIInterfaceOrientationPortrait UIInterfaceOrientationPortraitUpsideDown UIInterfaceOrientationLandscapeLeft UIInterfaceOrientationLandscapeRight";
				INFOPLIST_KEY_UISupportedInterfaceOrientations_iPhone = "UIInterfaceOrientationPortrait UIInterfaceOrientationLandscapeLeft UIInterfaceOrientationLandscapeRight";
				IPHONEOS_DEPLOYMENT_TARGET = 16.6;
				LD_RUNPATH_SEARCH_PATHS = (
					"$(inherited)",
					"@executable_path/Frameworks",
				);
				MARKETING_VERSION = 1.0;
				PRODUCT_BUNDLE_IDENTIFIER = "com.onflyer.TMDB-App";
				PRODUCT_NAME = "$(TARGET_NAME)";
				SWIFT_EMIT_LOC_STRINGS = YES;
				SWIFT_VERSION = 5.0;
				TARGETED_DEVICE_FAMILY = "1,2";
			};
			name = Release;
		};
/* End XCBuildConfiguration section */

/* Begin XCConfigurationList section */
		3B87827F2AE4261C0098C228 /* Build configuration list for PBXProject "TMDB App" */ = {
			isa = XCConfigurationList;
			buildConfigurations = (
				3B8782902AE4261D0098C228 /* Debug */,
				3B8782912AE4261D0098C228 /* Release */,
			);
			defaultConfigurationIsVisible = 0;
			defaultConfigurationName = Release;
		};
		3B8782922AE4261D0098C228 /* Build configuration list for PBXNativeTarget "TMDB App" */ = {
			isa = XCConfigurationList;
			buildConfigurations = (
				3B8782932AE4261D0098C228 /* Debug */,
				3B8782942AE4261D0098C228 /* Release */,
			);
			defaultConfigurationIsVisible = 0;
			defaultConfigurationName = Release;
		};
/* End XCConfigurationList section */
	};
	rootObject = 3B87827C2AE4261C0098C228 /* Project object */;
}
